
Microsoft Visual Studio Solution File, Format Version 12.00
# Visual Studio Version 17
VisualStudioVersion = 17.0.32014.148
MinimumVisualStudioVersion = 10.0.40219.1
Project("{9A19103F-16F7-4668-BE54-9A1E7A4F7556}") = "01.BellmanFord", "01.Bellman-Ford\01.BellmanFord.csproj", "{A9556D3D-1747-443A-9E41-95C72C259ACA}"
EndProject
Project("{FAE04EC0-301F-11D3-BF4B-00C04F79EFBC}") = "02.LongestPathInDAG", "02.LongestPathInDAG\02.LongestPathInDAG.csproj", "{D4B77801-2B60-43EC-BF57-70D877AEEBD9}"
EndProject
Global
	GlobalSection(SolutionConfigurationPlatforms) = preSolution
		Debug|Any CPU = Debug|Any CPU
		Release|Any CPU = Release|Any CPU
	EndGlobalSection
	GlobalSection(ProjectConfigurationPlatforms) = postSolution
		{A9556D3D-1747-443A-9E41-95C72C259ACA}.Debug|Any CPU.ActiveCfg = Debug|Any CPU
		{A9556D3D-1747-443A-9E41-95C72C259ACA}.Debug|Any CPU.Build.0 = Debug|Any CPU
		{A9556D3D-1747-443A-9E41-95C72C259ACA}.Release|Any CPU.ActiveCfg = Release|Any CPU
		{A9556D3D-1747-443A-9E41-95C72C259ACA}.Release|Any CPU.Build.0 = Release|Any CPU
		{D4B77801-2B60-43EC-BF57-70D877AEEBD9}.Debug|Any CPU.ActiveCfg = Debug|Any CPU
		{D4B77801-2B60-43EC-BF57-70D877AEEBD9}.Debug|Any CPU.Build.0 = Debug|Any CPU
		{D4B77801-2B60-43EC-BF57-70D877AEEBD9}.Release|Any CPU.ActiveCfg = Release|Any CPU
		{D4B77801-2B60-43EC-BF57-70D877AEEBD9}.Release|Any CPU.Build.0 = Release|Any CPU
	EndGlobalSection
	GlobalSection(SolutionProperties) = preSolution
		HideSolutionNode = FALSE
	EndGlobalSection
	GlobalSection(ExtensibilityGlobals) = postSolution
		SolutionGuid = {5877D6E4-7EDF-4F06-9CBA-8AB6E54E7808}
	EndGlobalSection
EndGlobal
