
Microsoft Visual Studio Solution File, Format Version 12.00
# Visual Studio Version 16
VisualStudioVersion = 16.0.30320.27
MinimumVisualStudioVersion = 10.0.40219.1
Project("{FAE04EC0-301F-11D3-BF4B-00C04F79EFBC}") = "Shapes", "Shapes\Shapes.csproj", "{4BBCD648-487E-4A4A-999F-DA9224531FBD}"
EndProject
Project("{FAE04EC0-301F-11D3-BF4B-00C04F79EFBC}") = "Cars", "Cars\Cars.csproj", "{C6EEF7F6-0B7F-453F-851A-B9779FA171DC}"
EndProject
Global
	GlobalSection(SolutionConfigurationPlatforms) = preSolution
		Debug|Any CPU = Debug|Any CPU
		Release|Any CPU = Release|Any CPU
	EndGlobalSection
	GlobalSection(ProjectConfigurationPlatforms) = postSolution
		{4BBCD648-487E-4A4A-999F-DA9224531FBD}.Debug|Any CPU.ActiveCfg = Debug|Any CPU
		{4BBCD648-487E-4A4A-999F-DA9224531FBD}.Debug|Any CPU.Build.0 = Debug|Any CPU
		{4BBCD648-487E-4A4A-999F-DA9224531FBD}.Release|Any CPU.ActiveCfg = Release|Any CPU
		{4BBCD648-487E-4A4A-999F-DA9224531FBD}.Release|Any CPU.Build.0 = Release|Any CPU
		{C6EEF7F6-0B7F-453F-851A-B9779FA171DC}.Debug|Any CPU.ActiveCfg = Debug|Any CPU
		{C6EEF7F6-0B7F-453F-851A-B9779FA171DC}.Debug|Any CPU.Build.0 = Debug|Any CPU
		{C6EEF7F6-0B7F-453F-851A-B9779FA171DC}.Release|Any CPU.ActiveCfg = Release|Any CPU
		{C6EEF7F6-0B7F-453F-851A-B9779FA171DC}.Release|Any CPU.Build.0 = Release|Any CPU
	EndGlobalSection
	GlobalSection(SolutionProperties) = preSolution
		HideSolutionNode = FALSE
	EndGlobalSection
	GlobalSection(ExtensibilityGlobals) = postSolution
		SolutionGuid = {F38D74BC-D48D-4899-BA7F-337D2E64C0CB}
	EndGlobalSection
EndGlobal
