
Microsoft Visual Studio Solution File, Format Version 12.00
# Visual Studio Version 16
VisualStudioVersion = 16.0.30320.27
MinimumVisualStudioVersion = 10.0.40219.1
Project("{FAE04EC0-301F-11D3-BF4B-00C04F79EFBC}") = "PersonsInfo", "01.SortPersonsByNameAndAge\PersonsInfo.csproj", "{24BE65D4-FEA3-4E15-9D75-8C5644EF0793}"
EndProject
Global
	GlobalSection(SolutionConfigurationPlatforms) = preSolution
		Debug|Any CPU = Debug|Any CPU
		Release|Any CPU = Release|Any CPU
	EndGlobalSection
	GlobalSection(ProjectConfigurationPlatforms) = postSolution
		{24BE65D4-FEA3-4E15-9D75-8C5644EF0793}.Debug|Any CPU.ActiveCfg = Debug|Any CPU
		{24BE65D4-FEA3-4E15-9D75-8C5644EF0793}.Debug|Any CPU.Build.0 = Debug|Any CPU
		{24BE65D4-FEA3-4E15-9D75-8C5644EF0793}.Release|Any CPU.ActiveCfg = Release|Any CPU
		{24BE65D4-FEA3-4E15-9D75-8C5644EF0793}.Release|Any CPU.Build.0 = Release|Any CPU
	EndGlobalSection
	GlobalSection(SolutionProperties) = preSolution
		HideSolutionNode = FALSE
	EndGlobalSection
	GlobalSection(ExtensibilityGlobals) = postSolution
		SolutionGuid = {8394CA9B-B139-48A1-A9D4-B9FD43D9B1EC}
	EndGlobalSection
EndGlobal
