
Microsoft Visual Studio Solution File, Format Version 12.00
# Visual Studio Version 16
VisualStudioVersion = 16.0.30320.27
MinimumVisualStudioVersion = 10.0.40219.1
Project("{9A19103F-16F7-4668-BE54-9A1E7A4F7556}") = "IteratorsAndComparators", "IteratorsAndComparators\IteratorsAndComparators.csproj", "{A80A0977-01F2-461E-9CD6-4B595E8E5B65}"
EndProject
Global
	GlobalSection(SolutionConfigurationPlatforms) = preSolution
		Debug|Any CPU = Debug|Any CPU
		Release|Any CPU = Release|Any CPU
	EndGlobalSection
	GlobalSection(ProjectConfigurationPlatforms) = postSolution
		{A80A0977-01F2-461E-9CD6-4B595E8E5B65}.Debug|Any CPU.ActiveCfg = Debug|Any CPU
		{A80A0977-01F2-461E-9CD6-4B595E8E5B65}.Debug|Any CPU.Build.0 = Debug|Any CPU
		{A80A0977-01F2-461E-9CD6-4B595E8E5B65}.Release|Any CPU.ActiveCfg = Release|Any CPU
		{A80A0977-01F2-461E-9CD6-4B595E8E5B65}.Release|Any CPU.Build.0 = Release|Any CPU
	EndGlobalSection
	GlobalSection(SolutionProperties) = preSolution
		HideSolutionNode = FALSE
	EndGlobalSection
	GlobalSection(ExtensibilityGlobals) = postSolution
		SolutionGuid = {470D4EB2-EE62-4FDF-B563-738FFA3C81AB}
	EndGlobalSection
EndGlobal
