
Microsoft Visual Studio Solution File, Format Version 12.00
# Visual Studio Version 16
VisualStudioVersion = 16.0.30320.27
MinimumVisualStudioVersion = 10.0.40219.1
Project("{FAE04EC0-301F-11D3-BF4B-00C04F79EFBC}") = "Expression", "Expression\Expression.csproj", "{6A787FC7-15A8-499C-9415-31A618684200}"
EndProject
Global
	GlobalSection(SolutionConfigurationPlatforms) = preSolution
		Debug|Any CPU = Debug|Any CPU
		Release|Any CPU = Release|Any CPU
	EndGlobalSection
	GlobalSection(ProjectConfigurationPlatforms) = postSolution
		{6A787FC7-15A8-499C-9415-31A618684200}.Debug|Any CPU.ActiveCfg = Debug|Any CPU
		{6A787FC7-15A8-499C-9415-31A618684200}.Debug|Any CPU.Build.0 = Debug|Any CPU
		{6A787FC7-15A8-499C-9415-31A618684200}.Release|Any CPU.ActiveCfg = Release|Any CPU
		{6A787FC7-15A8-499C-9415-31A618684200}.Release|Any CPU.Build.0 = Release|Any CPU
	EndGlobalSection
	GlobalSection(SolutionProperties) = preSolution
		HideSolutionNode = FALSE
	EndGlobalSection
	GlobalSection(ExtensibilityGlobals) = postSolution
		SolutionGuid = {3AAB267B-4A5A-4518-BD14-F9D3993F76AD}
	EndGlobalSection
EndGlobal
