
Microsoft Visual Studio Solution File, Format Version 12.00
# Visual Studio Version 16
VisualStudioVersion = 16.0.30320.27
MinimumVisualStudioVersion = 10.0.40219.1
Project("{FAE04EC0-301F-11D3-BF4B-00C04F79EFBC}") = "01.CountRealNumbers", "01.CountRealNumbers\01.CountRealNumbers.csproj", "{E12B4F7C-D6EC-44FF-B596-12160686FCB9}"
EndProject
Project("{FAE04EC0-301F-11D3-BF4B-00C04F79EFBC}") = "02.OddOccurrences", "02.OddOccurrences\02.OddOccurrences.csproj", "{AD3D4C59-9F2B-4416-AF5F-4A6A146EE460}"
EndProject
Project("{FAE04EC0-301F-11D3-BF4B-00C04F79EFBC}") = "03.Word Synonyms", "03.Word Synonyms\03.Word Synonyms.csproj", "{9D4F30F8-3EED-49BB-BF0C-16999889A2F1}"
EndProject
Project("{FAE04EC0-301F-11D3-BF4B-00C04F79EFBC}") = "04.Largest3Numbers", "04.Largest3Numbers\04.Largest3Numbers.csproj", "{5812C263-81C9-4414-82A5-4BA6E10EBF54}"
EndProject
Project("{FAE04EC0-301F-11D3-BF4B-00C04F79EFBC}") = "05.WordFilter", "05.WordFilter\05.WordFilter.csproj", "{9E0FAE15-C37E-4CD9-A3B4-86C3836D960B}"
EndProject
Global
	GlobalSection(SolutionConfigurationPlatforms) = preSolution
		Debug|Any CPU = Debug|Any CPU
		Release|Any CPU = Release|Any CPU
	EndGlobalSection
	GlobalSection(ProjectConfigurationPlatforms) = postSolution
		{E12B4F7C-D6EC-44FF-B596-12160686FCB9}.Debug|Any CPU.ActiveCfg = Debug|Any CPU
		{E12B4F7C-D6EC-44FF-B596-12160686FCB9}.Debug|Any CPU.Build.0 = Debug|Any CPU
		{E12B4F7C-D6EC-44FF-B596-12160686FCB9}.Release|Any CPU.ActiveCfg = Release|Any CPU
		{E12B4F7C-D6EC-44FF-B596-12160686FCB9}.Release|Any CPU.Build.0 = Release|Any CPU
		{AD3D4C59-9F2B-4416-AF5F-4A6A146EE460}.Debug|Any CPU.ActiveCfg = Debug|Any CPU
		{AD3D4C59-9F2B-4416-AF5F-4A6A146EE460}.Debug|Any CPU.Build.0 = Debug|Any CPU
		{AD3D4C59-9F2B-4416-AF5F-4A6A146EE460}.Release|Any CPU.ActiveCfg = Release|Any CPU
		{AD3D4C59-9F2B-4416-AF5F-4A6A146EE460}.Release|Any CPU.Build.0 = Release|Any CPU
		{9D4F30F8-3EED-49BB-BF0C-16999889A2F1}.Debug|Any CPU.ActiveCfg = Debug|Any CPU
		{9D4F30F8-3EED-49BB-BF0C-16999889A2F1}.Debug|Any CPU.Build.0 = Debug|Any CPU
		{9D4F30F8-3EED-49BB-BF0C-16999889A2F1}.Release|Any CPU.ActiveCfg = Release|Any CPU
		{9D4F30F8-3EED-49BB-BF0C-16999889A2F1}.Release|Any CPU.Build.0 = Release|Any CPU
		{5812C263-81C9-4414-82A5-4BA6E10EBF54}.Debug|Any CPU.ActiveCfg = Debug|Any CPU
		{5812C263-81C9-4414-82A5-4BA6E10EBF54}.Debug|Any CPU.Build.0 = Debug|Any CPU
		{5812C263-81C9-4414-82A5-4BA6E10EBF54}.Release|Any CPU.ActiveCfg = Release|Any CPU
		{5812C263-81C9-4414-82A5-4BA6E10EBF54}.Release|Any CPU.Build.0 = Release|Any CPU
		{9E0FAE15-C37E-4CD9-A3B4-86C3836D960B}.Debug|Any CPU.ActiveCfg = Debug|Any CPU
		{9E0FAE15-C37E-4CD9-A3B4-86C3836D960B}.Debug|Any CPU.Build.0 = Debug|Any CPU
		{9E0FAE15-C37E-4CD9-A3B4-86C3836D960B}.Release|Any CPU.ActiveCfg = Release|Any CPU
		{9E0FAE15-C37E-4CD9-A3B4-86C3836D960B}.Release|Any CPU.Build.0 = Release|Any CPU
	EndGlobalSection
	GlobalSection(SolutionProperties) = preSolution
		HideSolutionNode = FALSE
	EndGlobalSection
	GlobalSection(ExtensibilityGlobals) = postSolution
		SolutionGuid = {E3DE926D-72F6-486B-AB95-46B2D036A4AD}
	EndGlobalSection
EndGlobal
