
Microsoft Visual Studio Solution File, Format Version 12.00
# Visual Studio Version 16
VisualStudioVersion = 16.0.30320.27
MinimumVisualStudioVersion = 10.0.40219.1
Project("{9A19103F-16F7-4668-BE54-9A1E7A4F7556}") = "01.PipeInPool", "01.PipeInPool\01.PipeInPool.csproj", "{39E27429-BEE0-4607-B97B-7A2883C8EAA5}"
EndProject
Project("{9A19103F-16F7-4668-BE54-9A1E7A4F7556}") = "02.SleepyTomCat", "test\02.SleepyTomCat.csproj", "{001CBAC8-891A-4BB8-8038-07D042F1F784}"
EndProject
Project("{9A19103F-16F7-4668-BE54-9A1E7A4F7556}") = "03.Harvest", "03.Harvest\03.Harvest.csproj", "{8734C009-DB0A-4E17-8FF4-9D723DFF3981}"
EndProject
Project("{9A19103F-16F7-4668-BE54-9A1E7A4F7556}") = "04.TransportPrice", "04.TransportPrice\04.TransportPrice.csproj", "{8B9A732B-59C0-4608-8F1C-B2C4B0423E81}"
EndProject
Project("{9A19103F-16F7-4668-BE54-9A1E7A4F7556}") = "05.Firm", "05.Firm\05.Firm.csproj", "{50789573-7F5A-41F1-BC1F-D6C90A966FBC}"
EndProject
Project("{9A19103F-16F7-4668-BE54-9A1E7A4F7556}") = "06.Pets", "06.Pets\06.Pets.csproj", "{532369DD-C980-45DA-BF5C-B7AC7371210B}"
EndProject
Project("{9A19103F-16F7-4668-BE54-9A1E7A4F7556}") = "07.FlowersShop", "07.FlowersShop\07.FlowersShop.csproj", "{BA7AD169-E424-46FD-A1B0-85C943F7D347}"
EndProject
Project("{9A19103F-16F7-4668-BE54-9A1E7A4F7556}") = "08.FuelTank", "08.FuelTank\08.FuelTank.csproj", "{B9971C39-C7F3-4534-AF0C-B45169B0912A}"
EndProject
Project("{FAE04EC0-301F-11D3-BF4B-00C04F79EFBC}") = "09.FuelTank2", "09.FuelTank2\09.FuelTank2.csproj", "{57A83DEF-867F-4F31-824C-44A8ACC966CA}"
EndProject
Global
	GlobalSection(SolutionConfigurationPlatforms) = preSolution
		Debug|Any CPU = Debug|Any CPU
		Release|Any CPU = Release|Any CPU
	EndGlobalSection
	GlobalSection(ProjectConfigurationPlatforms) = postSolution
		{39E27429-BEE0-4607-B97B-7A2883C8EAA5}.Debug|Any CPU.ActiveCfg = Debug|Any CPU
		{39E27429-BEE0-4607-B97B-7A2883C8EAA5}.Debug|Any CPU.Build.0 = Debug|Any CPU
		{39E27429-BEE0-4607-B97B-7A2883C8EAA5}.Release|Any CPU.ActiveCfg = Release|Any CPU
		{39E27429-BEE0-4607-B97B-7A2883C8EAA5}.Release|Any CPU.Build.0 = Release|Any CPU
		{001CBAC8-891A-4BB8-8038-07D042F1F784}.Debug|Any CPU.ActiveCfg = Debug|Any CPU
		{001CBAC8-891A-4BB8-8038-07D042F1F784}.Debug|Any CPU.Build.0 = Debug|Any CPU
		{001CBAC8-891A-4BB8-8038-07D042F1F784}.Release|Any CPU.ActiveCfg = Release|Any CPU
		{001CBAC8-891A-4BB8-8038-07D042F1F784}.Release|Any CPU.Build.0 = Release|Any CPU
		{8734C009-DB0A-4E17-8FF4-9D723DFF3981}.Debug|Any CPU.ActiveCfg = Debug|Any CPU
		{8734C009-DB0A-4E17-8FF4-9D723DFF3981}.Debug|Any CPU.Build.0 = Debug|Any CPU
		{8734C009-DB0A-4E17-8FF4-9D723DFF3981}.Release|Any CPU.ActiveCfg = Release|Any CPU
		{8734C009-DB0A-4E17-8FF4-9D723DFF3981}.Release|Any CPU.Build.0 = Release|Any CPU
		{8B9A732B-59C0-4608-8F1C-B2C4B0423E81}.Debug|Any CPU.ActiveCfg = Debug|Any CPU
		{8B9A732B-59C0-4608-8F1C-B2C4B0423E81}.Debug|Any CPU.Build.0 = Debug|Any CPU
		{8B9A732B-59C0-4608-8F1C-B2C4B0423E81}.Release|Any CPU.ActiveCfg = Release|Any CPU
		{8B9A732B-59C0-4608-8F1C-B2C4B0423E81}.Release|Any CPU.Build.0 = Release|Any CPU
		{50789573-7F5A-41F1-BC1F-D6C90A966FBC}.Debug|Any CPU.ActiveCfg = Debug|Any CPU
		{50789573-7F5A-41F1-BC1F-D6C90A966FBC}.Debug|Any CPU.Build.0 = Debug|Any CPU
		{50789573-7F5A-41F1-BC1F-D6C90A966FBC}.Release|Any CPU.ActiveCfg = Release|Any CPU
		{50789573-7F5A-41F1-BC1F-D6C90A966FBC}.Release|Any CPU.Build.0 = Release|Any CPU
		{532369DD-C980-45DA-BF5C-B7AC7371210B}.Debug|Any CPU.ActiveCfg = Debug|Any CPU
		{532369DD-C980-45DA-BF5C-B7AC7371210B}.Debug|Any CPU.Build.0 = Debug|Any CPU
		{532369DD-C980-45DA-BF5C-B7AC7371210B}.Release|Any CPU.ActiveCfg = Release|Any CPU
		{532369DD-C980-45DA-BF5C-B7AC7371210B}.Release|Any CPU.Build.0 = Release|Any CPU
		{BA7AD169-E424-46FD-A1B0-85C943F7D347}.Debug|Any CPU.ActiveCfg = Debug|Any CPU
		{BA7AD169-E424-46FD-A1B0-85C943F7D347}.Debug|Any CPU.Build.0 = Debug|Any CPU
		{BA7AD169-E424-46FD-A1B0-85C943F7D347}.Release|Any CPU.ActiveCfg = Release|Any CPU
		{BA7AD169-E424-46FD-A1B0-85C943F7D347}.Release|Any CPU.Build.0 = Release|Any CPU
		{B9971C39-C7F3-4534-AF0C-B45169B0912A}.Debug|Any CPU.ActiveCfg = Debug|Any CPU
		{B9971C39-C7F3-4534-AF0C-B45169B0912A}.Debug|Any CPU.Build.0 = Debug|Any CPU
		{B9971C39-C7F3-4534-AF0C-B45169B0912A}.Release|Any CPU.ActiveCfg = Release|Any CPU
		{B9971C39-C7F3-4534-AF0C-B45169B0912A}.Release|Any CPU.Build.0 = Release|Any CPU
		{57A83DEF-867F-4F31-824C-44A8ACC966CA}.Debug|Any CPU.ActiveCfg = Debug|Any CPU
		{57A83DEF-867F-4F31-824C-44A8ACC966CA}.Debug|Any CPU.Build.0 = Debug|Any CPU
		{57A83DEF-867F-4F31-824C-44A8ACC966CA}.Release|Any CPU.ActiveCfg = Release|Any CPU
		{57A83DEF-867F-4F31-824C-44A8ACC966CA}.Release|Any CPU.Build.0 = Release|Any CPU
	EndGlobalSection
	GlobalSection(SolutionProperties) = preSolution
		HideSolutionNode = FALSE
	EndGlobalSection
	GlobalSection(ExtensibilityGlobals) = postSolution
		SolutionGuid = {B2DD62E5-F66B-438B-9B57-B2A52C34090D}
	EndGlobalSection
EndGlobal
