
Microsoft Visual Studio Solution File, Format Version 12.00
# Visual Studio Version 17
VisualStudioVersion = 17.0.32126.317
MinimumVisualStudioVersion = 10.0.40219.1
Project("{FAE04EC0-301F-11D3-BF4B-00C04F79EFBC}") = "01.ElectricalSubstationNetwork", "01.ElectricalSubstationNetwork\01.ElectricalSubstationNetwork.csproj", "{037D27EA-11E5-446A-BED2-ABBAB6CA89D7}"
EndProject
Project("{FAE04EC0-301F-11D3-BF4B-00C04F79EFBC}") = "02.MaximumTasksAssignment", "02.MaximumTasksAssignment\02.MaximumTasksAssignment.csproj", "{0AA22217-87EE-4DB5-A3B6-17AE377DFDF6}"
EndProject
Global
	GlobalSection(SolutionConfigurationPlatforms) = preSolution
		Debug|Any CPU = Debug|Any CPU
		Release|Any CPU = Release|Any CPU
	EndGlobalSection
	GlobalSection(ProjectConfigurationPlatforms) = postSolution
		{037D27EA-11E5-446A-BED2-ABBAB6CA89D7}.Debug|Any CPU.ActiveCfg = Debug|Any CPU
		{037D27EA-11E5-446A-BED2-ABBAB6CA89D7}.Debug|Any CPU.Build.0 = Debug|Any CPU
		{037D27EA-11E5-446A-BED2-ABBAB6CA89D7}.Release|Any CPU.ActiveCfg = Release|Any CPU
		{037D27EA-11E5-446A-BED2-ABBAB6CA89D7}.Release|Any CPU.Build.0 = Release|Any CPU
		{0AA22217-87EE-4DB5-A3B6-17AE377DFDF6}.Debug|Any CPU.ActiveCfg = Debug|Any CPU
		{0AA22217-87EE-4DB5-A3B6-17AE377DFDF6}.Debug|Any CPU.Build.0 = Debug|Any CPU
		{0AA22217-87EE-4DB5-A3B6-17AE377DFDF6}.Release|Any CPU.ActiveCfg = Release|Any CPU
		{0AA22217-87EE-4DB5-A3B6-17AE377DFDF6}.Release|Any CPU.Build.0 = Release|Any CPU
	EndGlobalSection
	GlobalSection(SolutionProperties) = preSolution
		HideSolutionNode = FALSE
	EndGlobalSection
	GlobalSection(ExtensibilityGlobals) = postSolution
		SolutionGuid = {EC1135DA-1E15-4EBE-A373-46B556F213F5}
	EndGlobalSection
EndGlobal
