
Microsoft Visual Studio Solution File, Format Version 12.00
# Visual Studio Version 16
VisualStudioVersion = 16.0.30320.27
MinimumVisualStudioVersion = 10.0.40219.1
Project("{9A19103F-16F7-4668-BE54-9A1E7A4F7556}") = "01.ListyIterator", "01.ListyIterator\01.ListyIterator.csproj", "{F73EC7D0-CB88-4F41-959B-A46AD4CC613B}"
EndProject
Project("{FAE04EC0-301F-11D3-BF4B-00C04F79EFBC}") = "02.Collection", "02.Collection\02.Collection.csproj", "{074682B6-7B46-4952-9B47-42B6A5C008F2}"
EndProject
Project("{FAE04EC0-301F-11D3-BF4B-00C04F79EFBC}") = "03.Stack", "03.Stack\03.Stack.csproj", "{E244A97D-0DDC-49EF-9A2A-30A2AB42A00F}"
EndProject
Project("{FAE04EC0-301F-11D3-BF4B-00C04F79EFBC}") = "04.Froggy", "04.Froggy\04.Froggy.csproj", "{CFA10F38-23B7-468B-B7B4-62D1913DB598}"
EndProject
Project("{FAE04EC0-301F-11D3-BF4B-00C04F79EFBC}") = "05.ComparingObjects", "05.ComparingObjects\05.ComparingObjects.csproj", "{C4F92737-FF79-4D4E-8D03-41975B4DDD05}"
EndProject
Project("{FAE04EC0-301F-11D3-BF4B-00C04F79EFBC}") = "06.EqualityLogic", "06.EqualityLogic\06.EqualityLogic.csproj", "{AE91A645-C8E6-49BA-B791-85103C98C04E}"
EndProject
Global
	GlobalSection(SolutionConfigurationPlatforms) = preSolution
		Debug|Any CPU = Debug|Any CPU
		Release|Any CPU = Release|Any CPU
	EndGlobalSection
	GlobalSection(ProjectConfigurationPlatforms) = postSolution
		{F73EC7D0-CB88-4F41-959B-A46AD4CC613B}.Debug|Any CPU.ActiveCfg = Debug|Any CPU
		{F73EC7D0-CB88-4F41-959B-A46AD4CC613B}.Debug|Any CPU.Build.0 = Debug|Any CPU
		{F73EC7D0-CB88-4F41-959B-A46AD4CC613B}.Release|Any CPU.ActiveCfg = Release|Any CPU
		{F73EC7D0-CB88-4F41-959B-A46AD4CC613B}.Release|Any CPU.Build.0 = Release|Any CPU
		{074682B6-7B46-4952-9B47-42B6A5C008F2}.Debug|Any CPU.ActiveCfg = Debug|Any CPU
		{074682B6-7B46-4952-9B47-42B6A5C008F2}.Debug|Any CPU.Build.0 = Debug|Any CPU
		{074682B6-7B46-4952-9B47-42B6A5C008F2}.Release|Any CPU.ActiveCfg = Release|Any CPU
		{074682B6-7B46-4952-9B47-42B6A5C008F2}.Release|Any CPU.Build.0 = Release|Any CPU
		{E244A97D-0DDC-49EF-9A2A-30A2AB42A00F}.Debug|Any CPU.ActiveCfg = Debug|Any CPU
		{E244A97D-0DDC-49EF-9A2A-30A2AB42A00F}.Debug|Any CPU.Build.0 = Debug|Any CPU
		{E244A97D-0DDC-49EF-9A2A-30A2AB42A00F}.Release|Any CPU.ActiveCfg = Release|Any CPU
		{E244A97D-0DDC-49EF-9A2A-30A2AB42A00F}.Release|Any CPU.Build.0 = Release|Any CPU
		{CFA10F38-23B7-468B-B7B4-62D1913DB598}.Debug|Any CPU.ActiveCfg = Debug|Any CPU
		{CFA10F38-23B7-468B-B7B4-62D1913DB598}.Debug|Any CPU.Build.0 = Debug|Any CPU
		{CFA10F38-23B7-468B-B7B4-62D1913DB598}.Release|Any CPU.ActiveCfg = Release|Any CPU
		{CFA10F38-23B7-468B-B7B4-62D1913DB598}.Release|Any CPU.Build.0 = Release|Any CPU
		{C4F92737-FF79-4D4E-8D03-41975B4DDD05}.Debug|Any CPU.ActiveCfg = Debug|Any CPU
		{C4F92737-FF79-4D4E-8D03-41975B4DDD05}.Debug|Any CPU.Build.0 = Debug|Any CPU
		{C4F92737-FF79-4D4E-8D03-41975B4DDD05}.Release|Any CPU.ActiveCfg = Release|Any CPU
		{C4F92737-FF79-4D4E-8D03-41975B4DDD05}.Release|Any CPU.Build.0 = Release|Any CPU
		{AE91A645-C8E6-49BA-B791-85103C98C04E}.Debug|Any CPU.ActiveCfg = Debug|Any CPU
		{AE91A645-C8E6-49BA-B791-85103C98C04E}.Debug|Any CPU.Build.0 = Debug|Any CPU
		{AE91A645-C8E6-49BA-B791-85103C98C04E}.Release|Any CPU.ActiveCfg = Release|Any CPU
		{AE91A645-C8E6-49BA-B791-85103C98C04E}.Release|Any CPU.Build.0 = Release|Any CPU
	EndGlobalSection
	GlobalSection(SolutionProperties) = preSolution
		HideSolutionNode = FALSE
	EndGlobalSection
	GlobalSection(ExtensibilityGlobals) = postSolution
		SolutionGuid = {263FABDF-1588-4E2B-9F29-E9CB11769266}
	EndGlobalSection
EndGlobal
