
Microsoft Visual Studio Solution File, Format Version 12.00
# Visual Studio Version 16
VisualStudioVersion = 16.0.30320.27
MinimumVisualStudioVersion = 10.0.40219.1
Project("{9A19103F-16F7-4668-BE54-9A1E7A4F7556}") = "01.WinningTicket", "01.WinningTicket\01.WinningTicket.csproj", "{1FDF0F49-16C9-4DFE-ADE5-9B3AB97492E9}"
EndProject
Project("{9A19103F-16F7-4668-BE54-9A1E7A4F7556}") = "02.RageQuit", "02.RageQuit\02.RageQuit.csproj", "{8165E1AA-99E4-4677-9D46-21CFD378738F}"
EndProject
Project("{9A19103F-16F7-4668-BE54-9A1E7A4F7556}") = "test", "test\test.csproj", "{AF53D301-E4C5-4C2B-97C5-19C55D1C69DF}"
EndProject
Project("{9A19103F-16F7-4668-BE54-9A1E7A4F7556}") = "03.PostOffice", "03.PostOffice\03.PostOffice.csproj", "{4510B320-0527-43E7-A74D-084C056ABEF7}"
EndProject
Project("{FAE04EC0-301F-11D3-BF4B-00C04F79EFBC}") = "04.SantasSecretHelper", "04.4. Santa's Secret Helper\04.SantasSecretHelper.csproj", "{DF38A522-EB9E-464D-AEF6-04E5B4425D3B}"
EndProject
Global
	GlobalSection(SolutionConfigurationPlatforms) = preSolution
		Debug|Any CPU = Debug|Any CPU
		Release|Any CPU = Release|Any CPU
	EndGlobalSection
	GlobalSection(ProjectConfigurationPlatforms) = postSolution
		{1FDF0F49-16C9-4DFE-ADE5-9B3AB97492E9}.Debug|Any CPU.ActiveCfg = Debug|Any CPU
		{1FDF0F49-16C9-4DFE-ADE5-9B3AB97492E9}.Debug|Any CPU.Build.0 = Debug|Any CPU
		{1FDF0F49-16C9-4DFE-ADE5-9B3AB97492E9}.Release|Any CPU.ActiveCfg = Release|Any CPU
		{1FDF0F49-16C9-4DFE-ADE5-9B3AB97492E9}.Release|Any CPU.Build.0 = Release|Any CPU
		{8165E1AA-99E4-4677-9D46-21CFD378738F}.Debug|Any CPU.ActiveCfg = Debug|Any CPU
		{8165E1AA-99E4-4677-9D46-21CFD378738F}.Debug|Any CPU.Build.0 = Debug|Any CPU
		{8165E1AA-99E4-4677-9D46-21CFD378738F}.Release|Any CPU.ActiveCfg = Release|Any CPU
		{8165E1AA-99E4-4677-9D46-21CFD378738F}.Release|Any CPU.Build.0 = Release|Any CPU
		{AF53D301-E4C5-4C2B-97C5-19C55D1C69DF}.Debug|Any CPU.ActiveCfg = Debug|Any CPU
		{AF53D301-E4C5-4C2B-97C5-19C55D1C69DF}.Debug|Any CPU.Build.0 = Debug|Any CPU
		{AF53D301-E4C5-4C2B-97C5-19C55D1C69DF}.Release|Any CPU.ActiveCfg = Release|Any CPU
		{AF53D301-E4C5-4C2B-97C5-19C55D1C69DF}.Release|Any CPU.Build.0 = Release|Any CPU
		{4510B320-0527-43E7-A74D-084C056ABEF7}.Debug|Any CPU.ActiveCfg = Debug|Any CPU
		{4510B320-0527-43E7-A74D-084C056ABEF7}.Debug|Any CPU.Build.0 = Debug|Any CPU
		{4510B320-0527-43E7-A74D-084C056ABEF7}.Release|Any CPU.ActiveCfg = Release|Any CPU
		{4510B320-0527-43E7-A74D-084C056ABEF7}.Release|Any CPU.Build.0 = Release|Any CPU
		{DF38A522-EB9E-464D-AEF6-04E5B4425D3B}.Debug|Any CPU.ActiveCfg = Debug|Any CPU
		{DF38A522-EB9E-464D-AEF6-04E5B4425D3B}.Debug|Any CPU.Build.0 = Debug|Any CPU
		{DF38A522-EB9E-464D-AEF6-04E5B4425D3B}.Release|Any CPU.ActiveCfg = Release|Any CPU
		{DF38A522-EB9E-464D-AEF6-04E5B4425D3B}.Release|Any CPU.Build.0 = Release|Any CPU
	EndGlobalSection
	GlobalSection(SolutionProperties) = preSolution
		HideSolutionNode = FALSE
	EndGlobalSection
	GlobalSection(ExtensibilityGlobals) = postSolution
		SolutionGuid = {3B99F544-7031-4EAA-AC4D-0145491B1B2E}
	EndGlobalSection
EndGlobal
