
Microsoft Visual Studio Solution File, Format Version 12.00
# Visual Studio Version 16
VisualStudioVersion = 16.0.30523.141
MinimumVisualStudioVersion = 10.0.40219.1
Project("{9A19103F-16F7-4668-BE54-9A1E7A4F7556}") = "FakeAxeAndDummy", "FakeAxeAndDummy\FakeAxeAndDummy.csproj", "{83DBCFA8-447D-4E30-BB28-E1A9D92594AA}"
EndProject
Project("{9A19103F-16F7-4668-BE54-9A1E7A4F7556}") = "INStock", "INStock\INStock.csproj", "{DDBCC236-774F-484E-B21E-62EEC1A0BAC4}"
EndProject
Project("{9A19103F-16F7-4668-BE54-9A1E7A4F7556}") = "INStock.Tests", "INStock.Tests\INStock.Tests.csproj", "{6BBAE19D-F477-45DA-A1D5-6B9F54B403DC}"
EndProject
Project("{FAE04EC0-301F-11D3-BF4B-00C04F79EFBC}") = "FakeAxeAndDummy.Test", "FakeAxeAndDummy.Test\FakeAxeAndDummy.Test.csproj", "{3F358FF2-F9F3-42C5-A39E-E8B24639A2F0}"
EndProject
Global
	GlobalSection(SolutionConfigurationPlatforms) = preSolution
		Debug|Any CPU = Debug|Any CPU
		Release|Any CPU = Release|Any CPU
	EndGlobalSection
	GlobalSection(ProjectConfigurationPlatforms) = postSolution
		{83DBCFA8-447D-4E30-BB28-E1A9D92594AA}.Debug|Any CPU.ActiveCfg = Debug|Any CPU
		{83DBCFA8-447D-4E30-BB28-E1A9D92594AA}.Debug|Any CPU.Build.0 = Debug|Any CPU
		{83DBCFA8-447D-4E30-BB28-E1A9D92594AA}.Release|Any CPU.ActiveCfg = Release|Any CPU
		{83DBCFA8-447D-4E30-BB28-E1A9D92594AA}.Release|Any CPU.Build.0 = Release|Any CPU
		{DDBCC236-774F-484E-B21E-62EEC1A0BAC4}.Debug|Any CPU.ActiveCfg = Debug|Any CPU
		{DDBCC236-774F-484E-B21E-62EEC1A0BAC4}.Debug|Any CPU.Build.0 = Debug|Any CPU
		{DDBCC236-774F-484E-B21E-62EEC1A0BAC4}.Release|Any CPU.ActiveCfg = Release|Any CPU
		{DDBCC236-774F-484E-B21E-62EEC1A0BAC4}.Release|Any CPU.Build.0 = Release|Any CPU
		{6BBAE19D-F477-45DA-A1D5-6B9F54B403DC}.Debug|Any CPU.ActiveCfg = Debug|Any CPU
		{6BBAE19D-F477-45DA-A1D5-6B9F54B403DC}.Debug|Any CPU.Build.0 = Debug|Any CPU
		{6BBAE19D-F477-45DA-A1D5-6B9F54B403DC}.Release|Any CPU.ActiveCfg = Release|Any CPU
		{6BBAE19D-F477-45DA-A1D5-6B9F54B403DC}.Release|Any CPU.Build.0 = Release|Any CPU
		{3F358FF2-F9F3-42C5-A39E-E8B24639A2F0}.Debug|Any CPU.ActiveCfg = Debug|Any CPU
		{3F358FF2-F9F3-42C5-A39E-E8B24639A2F0}.Debug|Any CPU.Build.0 = Debug|Any CPU
		{3F358FF2-F9F3-42C5-A39E-E8B24639A2F0}.Release|Any CPU.ActiveCfg = Release|Any CPU
		{3F358FF2-F9F3-42C5-A39E-E8B24639A2F0}.Release|Any CPU.Build.0 = Release|Any CPU
	EndGlobalSection
	GlobalSection(SolutionProperties) = preSolution
		HideSolutionNode = FALSE
	EndGlobalSection
	GlobalSection(ExtensibilityGlobals) = postSolution
		SolutionGuid = {A089BF20-C572-4AC8-9393-FB8E884A8E11}
	EndGlobalSection
EndGlobal
