
Microsoft Visual Studio Solution File, Format Version 12.00
# Visual Studio Version 16
VisualStudioVersion = 16.0.30320.27
MinimumVisualStudioVersion = 10.0.40219.1
Project("{9A19103F-16F7-4668-BE54-9A1E7A4F7556}") = "01.BasketballEquipment", "01.BasketballEquipment\01.BasketballEquipment.csproj", "{CCABC7B9-0CF3-42DE-86EF-15597BE8FC37}"
EndProject
Project("{9A19103F-16F7-4668-BE54-9A1E7A4F7556}") = "02.FootballResults", "02.FootballResults\02.FootballResults.csproj", "{5EDAF3E8-B6D0-4319-A7C7-A9B98D1F289B}"
EndProject
Project("{9A19103F-16F7-4668-BE54-9A1E7A4F7556}") = "03.Gymnastics", "03.Gymnastics\03.Gymnastics.csproj", "{7C5A2868-19B6-4A40-9B22-97E0104C887A}"
EndProject
Project("{9A19103F-16F7-4668-BE54-9A1E7A4F7556}") = "04.GameNumberWars", "04.GameNumberWars\04.GameNumberWars.csproj", "{39ABB63F-2022-4559-B590-6688FF188BA3}"
EndProject
Project("{9A19103F-16F7-4668-BE54-9A1E7A4F7556}") = "05.TennisRanklist", "05.TennisRanklist\05.TennisRanklist.csproj", "{6942441C-0425-4109-A428-6760E734AB5D}"
EndProject
Project("{9A19103F-16F7-4668-BE54-9A1E7A4F7556}") = "06.HighJump", "06.HighJump\06.HighJump.csproj", "{2DEC41AC-E46E-49A1-B8EF-27CF6B1BCC24}"
EndProject
Project("{FAE04EC0-301F-11D3-BF4B-00C04F79EFBC}") = "01.02.TennisEquipment", "01.02.TennisEquipment\01.02.TennisEquipment.csproj", "{F1C2C14E-9CAC-4D77-87E6-90C374BE20C7}"
EndProject
Project("{FAE04EC0-301F-11D3-BF4B-00C04F79EFBC}") = "02.02.Skeleton", "02.02.Skeleton\02.02.Skeleton.csproj", "{553CE05D-7C3F-4B95-88BB-236FAFB77567}"
EndProject
Project("{FAE04EC0-301F-11D3-BF4B-00C04F79EFBC}") = "03.03.WorldSnookerChampionship", "03.03.WorldSnookerChampionship\03.03.WorldSnookerChampionship.csproj", "{8D5B7520-0F49-450D-A688-218FE6A85876}"
EndProject
Project("{FAE04EC0-301F-11D3-BF4B-00C04F79EFBC}") = "04.02.Darts", "04.02.Darts\04.02.Darts.csproj", "{553C2BC0-FDE6-4CB0-B3DA-CC351F291E03}"
EndProject
Project("{FAE04EC0-301F-11D3-BF4B-00C04F79EFBC}") = "05.02.Fitness Center", "05.02.Fitness Center\05.02.Fitness Center.csproj", "{7AB8C836-CA05-439B-9C5F-F8A0DE85495E}"
EndProject
Project("{FAE04EC0-301F-11D3-BF4B-00C04F79EFBC}") = "06.02.Basketball Tournament", "06.02.Basketball Tournament\06.02.Basketball Tournament.csproj", "{7BDCC0C6-7AE1-43F4-9B53-F0086144E3F4}"
EndProject
Global
	GlobalSection(SolutionConfigurationPlatforms) = preSolution
		Debug|Any CPU = Debug|Any CPU
		Release|Any CPU = Release|Any CPU
	EndGlobalSection
	GlobalSection(ProjectConfigurationPlatforms) = postSolution
		{CCABC7B9-0CF3-42DE-86EF-15597BE8FC37}.Debug|Any CPU.ActiveCfg = Debug|Any CPU
		{CCABC7B9-0CF3-42DE-86EF-15597BE8FC37}.Debug|Any CPU.Build.0 = Debug|Any CPU
		{CCABC7B9-0CF3-42DE-86EF-15597BE8FC37}.Release|Any CPU.ActiveCfg = Release|Any CPU
		{CCABC7B9-0CF3-42DE-86EF-15597BE8FC37}.Release|Any CPU.Build.0 = Release|Any CPU
		{5EDAF3E8-B6D0-4319-A7C7-A9B98D1F289B}.Debug|Any CPU.ActiveCfg = Debug|Any CPU
		{5EDAF3E8-B6D0-4319-A7C7-A9B98D1F289B}.Debug|Any CPU.Build.0 = Debug|Any CPU
		{5EDAF3E8-B6D0-4319-A7C7-A9B98D1F289B}.Release|Any CPU.ActiveCfg = Release|Any CPU
		{5EDAF3E8-B6D0-4319-A7C7-A9B98D1F289B}.Release|Any CPU.Build.0 = Release|Any CPU
		{7C5A2868-19B6-4A40-9B22-97E0104C887A}.Debug|Any CPU.ActiveCfg = Debug|Any CPU
		{7C5A2868-19B6-4A40-9B22-97E0104C887A}.Debug|Any CPU.Build.0 = Debug|Any CPU
		{7C5A2868-19B6-4A40-9B22-97E0104C887A}.Release|Any CPU.ActiveCfg = Release|Any CPU
		{7C5A2868-19B6-4A40-9B22-97E0104C887A}.Release|Any CPU.Build.0 = Release|Any CPU
		{39ABB63F-2022-4559-B590-6688FF188BA3}.Debug|Any CPU.ActiveCfg = Debug|Any CPU
		{39ABB63F-2022-4559-B590-6688FF188BA3}.Debug|Any CPU.Build.0 = Debug|Any CPU
		{39ABB63F-2022-4559-B590-6688FF188BA3}.Release|Any CPU.ActiveCfg = Release|Any CPU
		{39ABB63F-2022-4559-B590-6688FF188BA3}.Release|Any CPU.Build.0 = Release|Any CPU
		{6942441C-0425-4109-A428-6760E734AB5D}.Debug|Any CPU.ActiveCfg = Debug|Any CPU
		{6942441C-0425-4109-A428-6760E734AB5D}.Debug|Any CPU.Build.0 = Debug|Any CPU
		{6942441C-0425-4109-A428-6760E734AB5D}.Release|Any CPU.ActiveCfg = Release|Any CPU
		{6942441C-0425-4109-A428-6760E734AB5D}.Release|Any CPU.Build.0 = Release|Any CPU
		{2DEC41AC-E46E-49A1-B8EF-27CF6B1BCC24}.Debug|Any CPU.ActiveCfg = Debug|Any CPU
		{2DEC41AC-E46E-49A1-B8EF-27CF6B1BCC24}.Debug|Any CPU.Build.0 = Debug|Any CPU
		{2DEC41AC-E46E-49A1-B8EF-27CF6B1BCC24}.Release|Any CPU.ActiveCfg = Release|Any CPU
		{2DEC41AC-E46E-49A1-B8EF-27CF6B1BCC24}.Release|Any CPU.Build.0 = Release|Any CPU
		{F1C2C14E-9CAC-4D77-87E6-90C374BE20C7}.Debug|Any CPU.ActiveCfg = Debug|Any CPU
		{F1C2C14E-9CAC-4D77-87E6-90C374BE20C7}.Debug|Any CPU.Build.0 = Debug|Any CPU
		{F1C2C14E-9CAC-4D77-87E6-90C374BE20C7}.Release|Any CPU.ActiveCfg = Release|Any CPU
		{F1C2C14E-9CAC-4D77-87E6-90C374BE20C7}.Release|Any CPU.Build.0 = Release|Any CPU
		{553CE05D-7C3F-4B95-88BB-236FAFB77567}.Debug|Any CPU.ActiveCfg = Debug|Any CPU
		{553CE05D-7C3F-4B95-88BB-236FAFB77567}.Debug|Any CPU.Build.0 = Debug|Any CPU
		{553CE05D-7C3F-4B95-88BB-236FAFB77567}.Release|Any CPU.ActiveCfg = Release|Any CPU
		{553CE05D-7C3F-4B95-88BB-236FAFB77567}.Release|Any CPU.Build.0 = Release|Any CPU
		{8D5B7520-0F49-450D-A688-218FE6A85876}.Debug|Any CPU.ActiveCfg = Debug|Any CPU
		{8D5B7520-0F49-450D-A688-218FE6A85876}.Debug|Any CPU.Build.0 = Debug|Any CPU
		{8D5B7520-0F49-450D-A688-218FE6A85876}.Release|Any CPU.ActiveCfg = Release|Any CPU
		{8D5B7520-0F49-450D-A688-218FE6A85876}.Release|Any CPU.Build.0 = Release|Any CPU
		{553C2BC0-FDE6-4CB0-B3DA-CC351F291E03}.Debug|Any CPU.ActiveCfg = Debug|Any CPU
		{553C2BC0-FDE6-4CB0-B3DA-CC351F291E03}.Debug|Any CPU.Build.0 = Debug|Any CPU
		{553C2BC0-FDE6-4CB0-B3DA-CC351F291E03}.Release|Any CPU.ActiveCfg = Release|Any CPU
		{553C2BC0-FDE6-4CB0-B3DA-CC351F291E03}.Release|Any CPU.Build.0 = Release|Any CPU
		{7AB8C836-CA05-439B-9C5F-F8A0DE85495E}.Debug|Any CPU.ActiveCfg = Debug|Any CPU
		{7AB8C836-CA05-439B-9C5F-F8A0DE85495E}.Debug|Any CPU.Build.0 = Debug|Any CPU
		{7AB8C836-CA05-439B-9C5F-F8A0DE85495E}.Release|Any CPU.ActiveCfg = Release|Any CPU
		{7AB8C836-CA05-439B-9C5F-F8A0DE85495E}.Release|Any CPU.Build.0 = Release|Any CPU
		{7BDCC0C6-7AE1-43F4-9B53-F0086144E3F4}.Debug|Any CPU.ActiveCfg = Debug|Any CPU
		{7BDCC0C6-7AE1-43F4-9B53-F0086144E3F4}.Debug|Any CPU.Build.0 = Debug|Any CPU
		{7BDCC0C6-7AE1-43F4-9B53-F0086144E3F4}.Release|Any CPU.ActiveCfg = Release|Any CPU
		{7BDCC0C6-7AE1-43F4-9B53-F0086144E3F4}.Release|Any CPU.Build.0 = Release|Any CPU
	EndGlobalSection
	GlobalSection(SolutionProperties) = preSolution
		HideSolutionNode = FALSE
	EndGlobalSection
	GlobalSection(ExtensibilityGlobals) = postSolution
		SolutionGuid = {6839ABCF-3828-4B4C-BDB9-DE50764FB19F}
	EndGlobalSection
EndGlobal
