
Microsoft Visual Studio Solution File, Format Version 12.00
# Visual Studio Version 16
VisualStudioVersion = 16.0.30320.27
MinimumVisualStudioVersion = 10.0.40219.1
Project("{9A19103F-16F7-4668-BE54-9A1E7A4F7556}") = "01.PoolDay", "01.PoolDay\01.PoolDay.csproj", "{D77D6D63-8FEE-4AF5-9FC2-A3E14FB6926E}"
EndProject
Project("{9A19103F-16F7-4668-BE54-9A1E7A4F7556}") = "02.FamilyTrip", "02.FamilyTrip\02.FamilyTrip.csproj", "{ABBC8B99-BAA4-43E7-B468-F68CAD8A046A}"
EndProject
Project("{9A19103F-16F7-4668-BE54-9A1E7A4F7556}") = "03.CoffeeMachine", "03.CoffeeMachine\03.CoffeeMachine.csproj", "{799E163A-4E48-4E50-9FBE-35060A9E1F46}"
EndProject
Project("{9A19103F-16F7-4668-BE54-9A1E7A4F7556}") = "04.Club", "04.Club\04.Club.csproj", "{0D690959-AAD7-4852-8EEE-CEDB90998BFB}"
EndProject
Project("{9A19103F-16F7-4668-BE54-9A1E7A4F7556}") = "05.PCGameShop", "05.PCGameShop\05.PCGameShop.csproj", "{9694520A-5AE0-4875-9841-964E0D47204C}"
EndProject
Project("{9A19103F-16F7-4668-BE54-9A1E7A4F7556}") = "06.NameGame", "06.NameGame\06.NameGame.csproj", "{9CBA6DF7-95ED-42D9-BFE1-6666CD726F57}"
EndProject
Project("{FAE04EC0-301F-11D3-BF4B-00C04F79EFBC}") = "01.02.Repainting", "01.02.Repainting\01.02.Repainting.csproj", "{BF752EB2-355F-42FC-97BC-42FC7574DCCC}"
EndProject
Project("{FAE04EC0-301F-11D3-BF4B-00C04F79EFBC}") = "02.02.Shopping", "02.02.Shopping\02.02.Shopping.csproj", "{CF1E0780-461A-4C6F-B7C4-5E8AEBB17D58}"
EndProject
Project("{FAE04EC0-301F-11D3-BF4B-00C04F79EFBC}") = "03.02.TravelAgency", "03.02.TravelAgency\03.02.TravelAgency.csproj", "{825AC7CD-1A27-4882-A0E4-04D65B0657E9}"
EndProject
Project("{FAE04EC0-301F-11D3-BF4B-00C04F79EFBC}") = "04.02.Renovation", "04.02.Renovation\04.02.Renovation.csproj", "{0A654FD7-9D2C-40CB-9124-5482F6C13B7C}"
EndProject
Project("{FAE04EC0-301F-11D3-BF4B-00C04F79EFBC}") = "05.02.FootballTournament", "05.02.FootballTournament\05.02.FootballTournament.csproj", "{2872EB21-1DB7-4B1A-9693-926D5A07FE29}"
EndProject
Project("{FAE04EC0-301F-11D3-BF4B-00C04F79EFBC}") = "06.02.TheMostPowerfulWord", "06.02.TheMostPowerfulWord\06.02.TheMostPowerfulWord.csproj", "{61407586-0846-4AE8-A563-7F804E530CC0}"
EndProject
Global
	GlobalSection(SolutionConfigurationPlatforms) = preSolution
		Debug|Any CPU = Debug|Any CPU
		Release|Any CPU = Release|Any CPU
	EndGlobalSection
	GlobalSection(ProjectConfigurationPlatforms) = postSolution
		{D77D6D63-8FEE-4AF5-9FC2-A3E14FB6926E}.Debug|Any CPU.ActiveCfg = Debug|Any CPU
		{D77D6D63-8FEE-4AF5-9FC2-A3E14FB6926E}.Debug|Any CPU.Build.0 = Debug|Any CPU
		{D77D6D63-8FEE-4AF5-9FC2-A3E14FB6926E}.Release|Any CPU.ActiveCfg = Release|Any CPU
		{D77D6D63-8FEE-4AF5-9FC2-A3E14FB6926E}.Release|Any CPU.Build.0 = Release|Any CPU
		{ABBC8B99-BAA4-43E7-B468-F68CAD8A046A}.Debug|Any CPU.ActiveCfg = Debug|Any CPU
		{ABBC8B99-BAA4-43E7-B468-F68CAD8A046A}.Debug|Any CPU.Build.0 = Debug|Any CPU
		{ABBC8B99-BAA4-43E7-B468-F68CAD8A046A}.Release|Any CPU.ActiveCfg = Release|Any CPU
		{ABBC8B99-BAA4-43E7-B468-F68CAD8A046A}.Release|Any CPU.Build.0 = Release|Any CPU
		{799E163A-4E48-4E50-9FBE-35060A9E1F46}.Debug|Any CPU.ActiveCfg = Debug|Any CPU
		{799E163A-4E48-4E50-9FBE-35060A9E1F46}.Debug|Any CPU.Build.0 = Debug|Any CPU
		{799E163A-4E48-4E50-9FBE-35060A9E1F46}.Release|Any CPU.ActiveCfg = Release|Any CPU
		{799E163A-4E48-4E50-9FBE-35060A9E1F46}.Release|Any CPU.Build.0 = Release|Any CPU
		{0D690959-AAD7-4852-8EEE-CEDB90998BFB}.Debug|Any CPU.ActiveCfg = Debug|Any CPU
		{0D690959-AAD7-4852-8EEE-CEDB90998BFB}.Debug|Any CPU.Build.0 = Debug|Any CPU
		{0D690959-AAD7-4852-8EEE-CEDB90998BFB}.Release|Any CPU.ActiveCfg = Release|Any CPU
		{0D690959-AAD7-4852-8EEE-CEDB90998BFB}.Release|Any CPU.Build.0 = Release|Any CPU
		{9694520A-5AE0-4875-9841-964E0D47204C}.Debug|Any CPU.ActiveCfg = Debug|Any CPU
		{9694520A-5AE0-4875-9841-964E0D47204C}.Debug|Any CPU.Build.0 = Debug|Any CPU
		{9694520A-5AE0-4875-9841-964E0D47204C}.Release|Any CPU.ActiveCfg = Release|Any CPU
		{9694520A-5AE0-4875-9841-964E0D47204C}.Release|Any CPU.Build.0 = Release|Any CPU
		{9CBA6DF7-95ED-42D9-BFE1-6666CD726F57}.Debug|Any CPU.ActiveCfg = Debug|Any CPU
		{9CBA6DF7-95ED-42D9-BFE1-6666CD726F57}.Debug|Any CPU.Build.0 = Debug|Any CPU
		{9CBA6DF7-95ED-42D9-BFE1-6666CD726F57}.Release|Any CPU.ActiveCfg = Release|Any CPU
		{9CBA6DF7-95ED-42D9-BFE1-6666CD726F57}.Release|Any CPU.Build.0 = Release|Any CPU
		{BF752EB2-355F-42FC-97BC-42FC7574DCCC}.Debug|Any CPU.ActiveCfg = Debug|Any CPU
		{BF752EB2-355F-42FC-97BC-42FC7574DCCC}.Debug|Any CPU.Build.0 = Debug|Any CPU
		{BF752EB2-355F-42FC-97BC-42FC7574DCCC}.Release|Any CPU.ActiveCfg = Release|Any CPU
		{BF752EB2-355F-42FC-97BC-42FC7574DCCC}.Release|Any CPU.Build.0 = Release|Any CPU
		{CF1E0780-461A-4C6F-B7C4-5E8AEBB17D58}.Debug|Any CPU.ActiveCfg = Debug|Any CPU
		{CF1E0780-461A-4C6F-B7C4-5E8AEBB17D58}.Debug|Any CPU.Build.0 = Debug|Any CPU
		{CF1E0780-461A-4C6F-B7C4-5E8AEBB17D58}.Release|Any CPU.ActiveCfg = Release|Any CPU
		{CF1E0780-461A-4C6F-B7C4-5E8AEBB17D58}.Release|Any CPU.Build.0 = Release|Any CPU
		{825AC7CD-1A27-4882-A0E4-04D65B0657E9}.Debug|Any CPU.ActiveCfg = Debug|Any CPU
		{825AC7CD-1A27-4882-A0E4-04D65B0657E9}.Debug|Any CPU.Build.0 = Debug|Any CPU
		{825AC7CD-1A27-4882-A0E4-04D65B0657E9}.Release|Any CPU.ActiveCfg = Release|Any CPU
		{825AC7CD-1A27-4882-A0E4-04D65B0657E9}.Release|Any CPU.Build.0 = Release|Any CPU
		{0A654FD7-9D2C-40CB-9124-5482F6C13B7C}.Debug|Any CPU.ActiveCfg = Debug|Any CPU
		{0A654FD7-9D2C-40CB-9124-5482F6C13B7C}.Debug|Any CPU.Build.0 = Debug|Any CPU
		{0A654FD7-9D2C-40CB-9124-5482F6C13B7C}.Release|Any CPU.ActiveCfg = Release|Any CPU
		{0A654FD7-9D2C-40CB-9124-5482F6C13B7C}.Release|Any CPU.Build.0 = Release|Any CPU
		{2872EB21-1DB7-4B1A-9693-926D5A07FE29}.Debug|Any CPU.ActiveCfg = Debug|Any CPU
		{2872EB21-1DB7-4B1A-9693-926D5A07FE29}.Debug|Any CPU.Build.0 = Debug|Any CPU
		{2872EB21-1DB7-4B1A-9693-926D5A07FE29}.Release|Any CPU.ActiveCfg = Release|Any CPU
		{2872EB21-1DB7-4B1A-9693-926D5A07FE29}.Release|Any CPU.Build.0 = Release|Any CPU
		{61407586-0846-4AE8-A563-7F804E530CC0}.Debug|Any CPU.ActiveCfg = Debug|Any CPU
		{61407586-0846-4AE8-A563-7F804E530CC0}.Debug|Any CPU.Build.0 = Debug|Any CPU
		{61407586-0846-4AE8-A563-7F804E530CC0}.Release|Any CPU.ActiveCfg = Release|Any CPU
		{61407586-0846-4AE8-A563-7F804E530CC0}.Release|Any CPU.Build.0 = Release|Any CPU
	EndGlobalSection
	GlobalSection(SolutionProperties) = preSolution
		HideSolutionNode = FALSE
	EndGlobalSection
	GlobalSection(ExtensibilityGlobals) = postSolution
		SolutionGuid = {87862F5D-7911-4CF5-BEF5-C4C1152F81BA}
	EndGlobalSection
EndGlobal
