
Microsoft Visual Studio Solution File, Format Version 12.00
# Visual Studio Version 17
VisualStudioVersion = 17.0.32014.148
MinimumVisualStudioVersion = 10.0.40219.1
Project("{9A19103F-16F7-4668-BE54-9A1E7A4F7556}") = "01.Dijkstra'sAlgorithm", "01.Dijkstra'sAlgorithm\01.Dijkstra'sAlgorithm.csproj", "{B0050AEF-9175-41CD-A6B6-657ADA1E37A5}"
EndProject
Project("{FAE04EC0-301F-11D3-BF4B-00C04F79EFBC}") = "02.Kruskal'sAlgorithm", "02.Kruskal'sAlgorithm\02.Kruskal'sAlgorithm.csproj", "{4EADEC73-1BEF-43A4-BA9E-230575E5FB31}"
EndProject
Global
	GlobalSection(SolutionConfigurationPlatforms) = preSolution
		Debug|Any CPU = Debug|Any CPU
		Release|Any CPU = Release|Any CPU
	EndGlobalSection
	GlobalSection(ProjectConfigurationPlatforms) = postSolution
		{B0050AEF-9175-41CD-A6B6-657ADA1E37A5}.Debug|Any CPU.ActiveCfg = Debug|Any CPU
		{B0050AEF-9175-41CD-A6B6-657ADA1E37A5}.Debug|Any CPU.Build.0 = Debug|Any CPU
		{B0050AEF-9175-41CD-A6B6-657ADA1E37A5}.Release|Any CPU.ActiveCfg = Release|Any CPU
		{B0050AEF-9175-41CD-A6B6-657ADA1E37A5}.Release|Any CPU.Build.0 = Release|Any CPU
		{4EADEC73-1BEF-43A4-BA9E-230575E5FB31}.Debug|Any CPU.ActiveCfg = Debug|Any CPU
		{4EADEC73-1BEF-43A4-BA9E-230575E5FB31}.Debug|Any CPU.Build.0 = Debug|Any CPU
		{4EADEC73-1BEF-43A4-BA9E-230575E5FB31}.Release|Any CPU.ActiveCfg = Release|Any CPU
		{4EADEC73-1BEF-43A4-BA9E-230575E5FB31}.Release|Any CPU.Build.0 = Release|Any CPU
	EndGlobalSection
	GlobalSection(SolutionProperties) = preSolution
		HideSolutionNode = FALSE
	EndGlobalSection
	GlobalSection(ExtensibilityGlobals) = postSolution
		SolutionGuid = {140B709F-2492-478E-8883-1A36CD7EB46F}
	EndGlobalSection
EndGlobal
