
Microsoft Visual Studio Solution File, Format Version 12.00
# Visual Studio Version 16
VisualStudioVersion = 16.0.30320.27
MinimumVisualStudioVersion = 10.0.40219.1
Project("{9A19103F-16F7-4668-BE54-9A1E7A4F7556}") = "Stealer", "Stealer\Stealer.csproj", "{56D13FDC-67BD-45F6-AF89-7D753F199B20}"
EndProject
Project("{FAE04EC0-301F-11D3-BF4B-00C04F79EFBC}") = "AuthorProblem", "AuthorProblem\AuthorProblem.csproj", "{D410B008-1942-4476-A244-5956A4C63069}"
EndProject
Global
	GlobalSection(SolutionConfigurationPlatforms) = preSolution
		Debug|Any CPU = Debug|Any CPU
		Release|Any CPU = Release|Any CPU
	EndGlobalSection
	GlobalSection(ProjectConfigurationPlatforms) = postSolution
		{56D13FDC-67BD-45F6-AF89-7D753F199B20}.Debug|Any CPU.ActiveCfg = Debug|Any CPU
		{56D13FDC-67BD-45F6-AF89-7D753F199B20}.Debug|Any CPU.Build.0 = Debug|Any CPU
		{56D13FDC-67BD-45F6-AF89-7D753F199B20}.Release|Any CPU.ActiveCfg = Release|Any CPU
		{56D13FDC-67BD-45F6-AF89-7D753F199B20}.Release|Any CPU.Build.0 = Release|Any CPU
		{D410B008-1942-4476-A244-5956A4C63069}.Debug|Any CPU.ActiveCfg = Debug|Any CPU
		{D410B008-1942-4476-A244-5956A4C63069}.Debug|Any CPU.Build.0 = Debug|Any CPU
		{D410B008-1942-4476-A244-5956A4C63069}.Release|Any CPU.ActiveCfg = Release|Any CPU
		{D410B008-1942-4476-A244-5956A4C63069}.Release|Any CPU.Build.0 = Release|Any CPU
	EndGlobalSection
	GlobalSection(SolutionProperties) = preSolution
		HideSolutionNode = FALSE
	EndGlobalSection
	GlobalSection(ExtensibilityGlobals) = postSolution
		SolutionGuid = {A572E040-F32A-422C-9C3B-28FF4198E547}
	EndGlobalSection
EndGlobal
