
Microsoft Visual Studio Solution File, Format Version 12.00
# Visual Studio Version 16
VisualStudioVersion = 16.0.30320.27
MinimumVisualStudioVersion = 10.0.40219.1
Project("{9A19103F-16F7-4668-BE54-9A1E7A4F7556}") = "01.MetersToKilometers", "01.MetersToKilometers\01.MetersToKilometers.csproj", "{FE0803BA-F042-468B-8067-96103E3E1ED5}"
EndProject
Project("{9A19103F-16F7-4668-BE54-9A1E7A4F7556}") = "02.PoundsToDollars", "02.PoundsToDollars\02.PoundsToDollars.csproj", "{C89957A1-10DA-4636-8693-36FE8D07130D}"
EndProject
Project("{9A19103F-16F7-4668-BE54-9A1E7A4F7556}") = "03.ExactSumOfRealNumbers", "03.ExactSumOfRealNumbers\03.ExactSumOfRealNumbers.csproj", "{BC4F8FD4-F8E3-4569-889F-DA1D0B52E35B}"
EndProject
Project("{9A19103F-16F7-4668-BE54-9A1E7A4F7556}") = "04.CenturiesToMinutes", "04.CenturiesToMinutes\04.CenturiesToMinutes.csproj", "{6ED00F10-0B52-4EAA-8ACE-2E6CAFDCCEA5}"
EndProject
Project("{9A19103F-16F7-4668-BE54-9A1E7A4F7556}") = "05.SpecialNumbers", "05.SpecialNumbers\05.SpecialNumbers.csproj", "{505D14D9-021C-4570-87EA-09FE05B17EB8}"
EndProject
Project("{9A19103F-16F7-4668-BE54-9A1E7A4F7556}") = "06.ReversedChars", "06.ReversedChars\06.ReversedChars.csproj", "{9C74B5D5-80B6-4AA6-8795-A1805DC2094D}"
EndProject
Project("{9A19103F-16F7-4668-BE54-9A1E7A4F7556}") = "07.ConcatNames", "07.ConcatNames\07.ConcatNames.csproj", "{B2237945-FE65-4DA9-BCF0-8F02A66B1C82}"
EndProject
Project("{9A19103F-16F7-4668-BE54-9A1E7A4F7556}") = "08.TownInfo", "08.TownInfo\08.TownInfo.csproj", "{6DA13505-F05F-4EE1-9613-0BE63B98ABC2}"
EndProject
Project("{9A19103F-16F7-4668-BE54-9A1E7A4F7556}") = "09.CharsToString", "09.CharsToString\09.CharsToString.csproj", "{262FC5B1-0FEE-4C3E-833B-43DBC2CEACCA}"
EndProject
Project("{9A19103F-16F7-4668-BE54-9A1E7A4F7556}") = "10.LowerOrUpper", "10.LowerOrUpper\10.LowerOrUpper.csproj", "{F35E9780-9100-4481-B316-6D4FD40EF740}"
EndProject
Project("{FAE04EC0-301F-11D3-BF4B-00C04F79EFBC}") = "11.RefactorVolumeOfPyramid", "11.RefactorVolumeOfPyramid\11.RefactorVolumeOfPyramid.csproj", "{5E83CC5F-80C8-4328-9C37-FCD7D0CBF41B}"
EndProject
Project("{FAE04EC0-301F-11D3-BF4B-00C04F79EFBC}") = "12.RefactorSpecialNumbers", "12.RefactorSpecialNumbers\12.RefactorSpecialNumbers.csproj", "{78456F6E-8109-4290-86B4-57C8D1979231}"
EndProject
Global
	GlobalSection(SolutionConfigurationPlatforms) = preSolution
		Debug|Any CPU = Debug|Any CPU
		Release|Any CPU = Release|Any CPU
	EndGlobalSection
	GlobalSection(ProjectConfigurationPlatforms) = postSolution
		{FE0803BA-F042-468B-8067-96103E3E1ED5}.Debug|Any CPU.ActiveCfg = Debug|Any CPU
		{FE0803BA-F042-468B-8067-96103E3E1ED5}.Debug|Any CPU.Build.0 = Debug|Any CPU
		{FE0803BA-F042-468B-8067-96103E3E1ED5}.Release|Any CPU.ActiveCfg = Release|Any CPU
		{FE0803BA-F042-468B-8067-96103E3E1ED5}.Release|Any CPU.Build.0 = Release|Any CPU
		{C89957A1-10DA-4636-8693-36FE8D07130D}.Debug|Any CPU.ActiveCfg = Debug|Any CPU
		{C89957A1-10DA-4636-8693-36FE8D07130D}.Debug|Any CPU.Build.0 = Debug|Any CPU
		{C89957A1-10DA-4636-8693-36FE8D07130D}.Release|Any CPU.ActiveCfg = Release|Any CPU
		{C89957A1-10DA-4636-8693-36FE8D07130D}.Release|Any CPU.Build.0 = Release|Any CPU
		{BC4F8FD4-F8E3-4569-889F-DA1D0B52E35B}.Debug|Any CPU.ActiveCfg = Debug|Any CPU
		{BC4F8FD4-F8E3-4569-889F-DA1D0B52E35B}.Debug|Any CPU.Build.0 = Debug|Any CPU
		{BC4F8FD4-F8E3-4569-889F-DA1D0B52E35B}.Release|Any CPU.ActiveCfg = Release|Any CPU
		{BC4F8FD4-F8E3-4569-889F-DA1D0B52E35B}.Release|Any CPU.Build.0 = Release|Any CPU
		{6ED00F10-0B52-4EAA-8ACE-2E6CAFDCCEA5}.Debug|Any CPU.ActiveCfg = Debug|Any CPU
		{6ED00F10-0B52-4EAA-8ACE-2E6CAFDCCEA5}.Debug|Any CPU.Build.0 = Debug|Any CPU
		{6ED00F10-0B52-4EAA-8ACE-2E6CAFDCCEA5}.Release|Any CPU.ActiveCfg = Release|Any CPU
		{6ED00F10-0B52-4EAA-8ACE-2E6CAFDCCEA5}.Release|Any CPU.Build.0 = Release|Any CPU
		{505D14D9-021C-4570-87EA-09FE05B17EB8}.Debug|Any CPU.ActiveCfg = Debug|Any CPU
		{505D14D9-021C-4570-87EA-09FE05B17EB8}.Debug|Any CPU.Build.0 = Debug|Any CPU
		{505D14D9-021C-4570-87EA-09FE05B17EB8}.Release|Any CPU.ActiveCfg = Release|Any CPU
		{505D14D9-021C-4570-87EA-09FE05B17EB8}.Release|Any CPU.Build.0 = Release|Any CPU
		{9C74B5D5-80B6-4AA6-8795-A1805DC2094D}.Debug|Any CPU.ActiveCfg = Debug|Any CPU
		{9C74B5D5-80B6-4AA6-8795-A1805DC2094D}.Debug|Any CPU.Build.0 = Debug|Any CPU
		{9C74B5D5-80B6-4AA6-8795-A1805DC2094D}.Release|Any CPU.ActiveCfg = Release|Any CPU
		{9C74B5D5-80B6-4AA6-8795-A1805DC2094D}.Release|Any CPU.Build.0 = Release|Any CPU
		{B2237945-FE65-4DA9-BCF0-8F02A66B1C82}.Debug|Any CPU.ActiveCfg = Debug|Any CPU
		{B2237945-FE65-4DA9-BCF0-8F02A66B1C82}.Debug|Any CPU.Build.0 = Debug|Any CPU
		{B2237945-FE65-4DA9-BCF0-8F02A66B1C82}.Release|Any CPU.ActiveCfg = Release|Any CPU
		{B2237945-FE65-4DA9-BCF0-8F02A66B1C82}.Release|Any CPU.Build.0 = Release|Any CPU
		{6DA13505-F05F-4EE1-9613-0BE63B98ABC2}.Debug|Any CPU.ActiveCfg = Debug|Any CPU
		{6DA13505-F05F-4EE1-9613-0BE63B98ABC2}.Debug|Any CPU.Build.0 = Debug|Any CPU
		{6DA13505-F05F-4EE1-9613-0BE63B98ABC2}.Release|Any CPU.ActiveCfg = Release|Any CPU
		{6DA13505-F05F-4EE1-9613-0BE63B98ABC2}.Release|Any CPU.Build.0 = Release|Any CPU
		{262FC5B1-0FEE-4C3E-833B-43DBC2CEACCA}.Debug|Any CPU.ActiveCfg = Debug|Any CPU
		{262FC5B1-0FEE-4C3E-833B-43DBC2CEACCA}.Debug|Any CPU.Build.0 = Debug|Any CPU
		{262FC5B1-0FEE-4C3E-833B-43DBC2CEACCA}.Release|Any CPU.ActiveCfg = Release|Any CPU
		{262FC5B1-0FEE-4C3E-833B-43DBC2CEACCA}.Release|Any CPU.Build.0 = Release|Any CPU
		{F35E9780-9100-4481-B316-6D4FD40EF740}.Debug|Any CPU.ActiveCfg = Debug|Any CPU
		{F35E9780-9100-4481-B316-6D4FD40EF740}.Debug|Any CPU.Build.0 = Debug|Any CPU
		{F35E9780-9100-4481-B316-6D4FD40EF740}.Release|Any CPU.ActiveCfg = Release|Any CPU
		{F35E9780-9100-4481-B316-6D4FD40EF740}.Release|Any CPU.Build.0 = Release|Any CPU
		{5E83CC5F-80C8-4328-9C37-FCD7D0CBF41B}.Debug|Any CPU.ActiveCfg = Debug|Any CPU
		{5E83CC5F-80C8-4328-9C37-FCD7D0CBF41B}.Debug|Any CPU.Build.0 = Debug|Any CPU
		{5E83CC5F-80C8-4328-9C37-FCD7D0CBF41B}.Release|Any CPU.ActiveCfg = Release|Any CPU
		{5E83CC5F-80C8-4328-9C37-FCD7D0CBF41B}.Release|Any CPU.Build.0 = Release|Any CPU
		{78456F6E-8109-4290-86B4-57C8D1979231}.Debug|Any CPU.ActiveCfg = Debug|Any CPU
		{78456F6E-8109-4290-86B4-57C8D1979231}.Debug|Any CPU.Build.0 = Debug|Any CPU
		{78456F6E-8109-4290-86B4-57C8D1979231}.Release|Any CPU.ActiveCfg = Release|Any CPU
		{78456F6E-8109-4290-86B4-57C8D1979231}.Release|Any CPU.Build.0 = Release|Any CPU
	EndGlobalSection
	GlobalSection(SolutionProperties) = preSolution
		HideSolutionNode = FALSE
	EndGlobalSection
	GlobalSection(ExtensibilityGlobals) = postSolution
		SolutionGuid = {630F891D-A572-416B-9368-ECD115978BD9}
	EndGlobalSection
EndGlobal
