
Microsoft Visual Studio Solution File, Format Version 12.00
# Visual Studio Version 17
VisualStudioVersion = 17.0.32014.148
MinimumVisualStudioVersion = 10.0.40219.1
Project("{9A19103F-16F7-4668-BE54-9A1E7A4F7556}") = "BasicWebServer.Server", "BasicWebServer.Server\BasicWebServer.Server.csproj", "{F6260181-0C0A-4509-8933-E2474E97AE02}"
EndProject
Project("{9A19103F-16F7-4668-BE54-9A1E7A4F7556}") = "SharedTrip", "SharedTrip\SharedTrip.csproj", "{817226BE-0695-4A81-89E1-04DF9BF3684C}"
EndProject
Global
	GlobalSection(SolutionConfigurationPlatforms) = preSolution
		Debug|Any CPU = Debug|Any CPU
		Release|Any CPU = Release|Any CPU
	EndGlobalSection
	GlobalSection(ProjectConfigurationPlatforms) = postSolution
		{F6260181-0C0A-4509-8933-E2474E97AE02}.Debug|Any CPU.ActiveCfg = Debug|Any CPU
		{F6260181-0C0A-4509-8933-E2474E97AE02}.Debug|Any CPU.Build.0 = Debug|Any CPU
		{F6260181-0C0A-4509-8933-E2474E97AE02}.Release|Any CPU.ActiveCfg = Release|Any CPU
		{F6260181-0C0A-4509-8933-E2474E97AE02}.Release|Any CPU.Build.0 = Release|Any CPU
		{817226BE-0695-4A81-89E1-04DF9BF3684C}.Debug|Any CPU.ActiveCfg = Debug|Any CPU
		{817226BE-0695-4A81-89E1-04DF9BF3684C}.Debug|Any CPU.Build.0 = Debug|Any CPU
		{817226BE-0695-4A81-89E1-04DF9BF3684C}.Release|Any CPU.ActiveCfg = Release|Any CPU
		{817226BE-0695-4A81-89E1-04DF9BF3684C}.Release|Any CPU.Build.0 = Release|Any CPU
	EndGlobalSection
	GlobalSection(SolutionProperties) = preSolution
		HideSolutionNode = FALSE
	EndGlobalSection
	GlobalSection(ExtensibilityGlobals) = postSolution
		SolutionGuid = {33EF20BB-3E0F-42D1-8A9F-1B1E80B601C3}
	EndGlobalSection
EndGlobal
