
Microsoft Visual Studio Solution File, Format Version 12.00
# Visual Studio Version 16
VisualStudioVersion = 16.0.30320.27
MinimumVisualStudioVersion = 10.0.40219.1
Project("{9A19103F-16F7-4668-BE54-9A1E7A4F7556}") = "01.ChangeBureau", "ConsoleApp2\01.ChangeBureau.csproj", "{1BB98F8E-7B97-45A0-A06A-DAC651ADD205}"
EndProject
Project("{9A19103F-16F7-4668-BE54-9A1E7A4F7556}") = "02.CatWalking", "02.CatWalking\02.CatWalking.csproj", "{71630EAE-C51E-4921-92EF-6160A2A2BA91}"
EndProject
Project("{9A19103F-16F7-4668-BE54-9A1E7A4F7556}") = "03.EnergyBooster", "03.EnergyBooster\03.EnergyBooster.csproj", "{BDF65B16-6B76-4ADE-B43C-18B6055E699F}"
EndProject
Project("{9A19103F-16F7-4668-BE54-9A1E7A4F7556}") = "04.FoodforPets", "04.FoodforPets\04.FoodforPets.csproj", "{0124D5A5-6787-4D83-A806-DA1E35987CB7}"
EndProject
Project("{9A19103F-16F7-4668-BE54-9A1E7A4F7556}") = "05.CareofPuppy", "05.CareofPuppy\05.CareofPuppy.csproj", "{579346E7-E816-404D-8EC2-1DDC445E26E3}"
EndProject
Project("{9A19103F-16F7-4668-BE54-9A1E7A4F7556}") = "06.Tournament of Christmas", "06.Tournament of Christmas\06.Tournament of Christmas.csproj", "{F5C98DD6-83E0-4FDB-AA8A-43AAAA7B78D1}"
EndProject
Project("{9A19103F-16F7-4668-BE54-9A1E7A4F7556}") = "01.01.SuppliesforSchool", "01.01.SuppliesforSchool\01.01.SuppliesforSchool.csproj", "{E8ADF88D-4437-416A-8F21-42B95D26FDCA}"
EndProject
Project("{9A19103F-16F7-4668-BE54-9A1E7A4F7556}") = "02.01.MountainRun", "02.MountainRun\02.01.MountainRun.csproj", "{BD605E32-384F-44FD-B39A-D484D16D299A}"
EndProject
Project("{9A19103F-16F7-4668-BE54-9A1E7A4F7556}") = "03.01.Fitness Card", "03.03.Fitness Card\03.01.Fitness Card.csproj", "{D5911DBA-8798-4944-9276-C43571896AEB}"
EndProject
Project("{9A19103F-16F7-4668-BE54-9A1E7A4F7556}") = "04.01Trekking Mania", "04.01Trekking Mania\04.01Trekking Mania.csproj", "{A3276C1D-4BFE-4467-AA1A-8E53E2B9A6B6}"
EndProject
Project("{FAE04EC0-301F-11D3-BF4B-00C04F79EFBC}") = "05.01.SuitcasesLoad", "05.01.SuitcasesLoad\05.01.SuitcasesLoad.csproj", "{E07AFDA8-17D5-452A-BF3F-E058EE6C5C0A}"
EndProject
Project("{FAE04EC0-301F-11D3-BF4B-00C04F79EFBC}") = "test", "test\test.csproj", "{F9639467-CECF-4FB7-9635-8F60DF4DB06F}"
EndProject
Global
	GlobalSection(SolutionConfigurationPlatforms) = preSolution
		Debug|Any CPU = Debug|Any CPU
		Release|Any CPU = Release|Any CPU
	EndGlobalSection
	GlobalSection(ProjectConfigurationPlatforms) = postSolution
		{1BB98F8E-7B97-45A0-A06A-DAC651ADD205}.Debug|Any CPU.ActiveCfg = Debug|Any CPU
		{1BB98F8E-7B97-45A0-A06A-DAC651ADD205}.Debug|Any CPU.Build.0 = Debug|Any CPU
		{1BB98F8E-7B97-45A0-A06A-DAC651ADD205}.Release|Any CPU.ActiveCfg = Release|Any CPU
		{1BB98F8E-7B97-45A0-A06A-DAC651ADD205}.Release|Any CPU.Build.0 = Release|Any CPU
		{71630EAE-C51E-4921-92EF-6160A2A2BA91}.Debug|Any CPU.ActiveCfg = Debug|Any CPU
		{71630EAE-C51E-4921-92EF-6160A2A2BA91}.Debug|Any CPU.Build.0 = Debug|Any CPU
		{71630EAE-C51E-4921-92EF-6160A2A2BA91}.Release|Any CPU.ActiveCfg = Release|Any CPU
		{71630EAE-C51E-4921-92EF-6160A2A2BA91}.Release|Any CPU.Build.0 = Release|Any CPU
		{BDF65B16-6B76-4ADE-B43C-18B6055E699F}.Debug|Any CPU.ActiveCfg = Debug|Any CPU
		{BDF65B16-6B76-4ADE-B43C-18B6055E699F}.Debug|Any CPU.Build.0 = Debug|Any CPU
		{BDF65B16-6B76-4ADE-B43C-18B6055E699F}.Release|Any CPU.ActiveCfg = Release|Any CPU
		{BDF65B16-6B76-4ADE-B43C-18B6055E699F}.Release|Any CPU.Build.0 = Release|Any CPU
		{0124D5A5-6787-4D83-A806-DA1E35987CB7}.Debug|Any CPU.ActiveCfg = Debug|Any CPU
		{0124D5A5-6787-4D83-A806-DA1E35987CB7}.Debug|Any CPU.Build.0 = Debug|Any CPU
		{0124D5A5-6787-4D83-A806-DA1E35987CB7}.Release|Any CPU.ActiveCfg = Release|Any CPU
		{0124D5A5-6787-4D83-A806-DA1E35987CB7}.Release|Any CPU.Build.0 = Release|Any CPU
		{579346E7-E816-404D-8EC2-1DDC445E26E3}.Debug|Any CPU.ActiveCfg = Debug|Any CPU
		{579346E7-E816-404D-8EC2-1DDC445E26E3}.Debug|Any CPU.Build.0 = Debug|Any CPU
		{579346E7-E816-404D-8EC2-1DDC445E26E3}.Release|Any CPU.ActiveCfg = Release|Any CPU
		{579346E7-E816-404D-8EC2-1DDC445E26E3}.Release|Any CPU.Build.0 = Release|Any CPU
		{F5C98DD6-83E0-4FDB-AA8A-43AAAA7B78D1}.Debug|Any CPU.ActiveCfg = Debug|Any CPU
		{F5C98DD6-83E0-4FDB-AA8A-43AAAA7B78D1}.Debug|Any CPU.Build.0 = Debug|Any CPU
		{F5C98DD6-83E0-4FDB-AA8A-43AAAA7B78D1}.Release|Any CPU.ActiveCfg = Release|Any CPU
		{F5C98DD6-83E0-4FDB-AA8A-43AAAA7B78D1}.Release|Any CPU.Build.0 = Release|Any CPU
		{E8ADF88D-4437-416A-8F21-42B95D26FDCA}.Debug|Any CPU.ActiveCfg = Debug|Any CPU
		{E8ADF88D-4437-416A-8F21-42B95D26FDCA}.Debug|Any CPU.Build.0 = Debug|Any CPU
		{E8ADF88D-4437-416A-8F21-42B95D26FDCA}.Release|Any CPU.ActiveCfg = Release|Any CPU
		{E8ADF88D-4437-416A-8F21-42B95D26FDCA}.Release|Any CPU.Build.0 = Release|Any CPU
		{BD605E32-384F-44FD-B39A-D484D16D299A}.Debug|Any CPU.ActiveCfg = Debug|Any CPU
		{BD605E32-384F-44FD-B39A-D484D16D299A}.Debug|Any CPU.Build.0 = Debug|Any CPU
		{BD605E32-384F-44FD-B39A-D484D16D299A}.Release|Any CPU.ActiveCfg = Release|Any CPU
		{BD605E32-384F-44FD-B39A-D484D16D299A}.Release|Any CPU.Build.0 = Release|Any CPU
		{D5911DBA-8798-4944-9276-C43571896AEB}.Debug|Any CPU.ActiveCfg = Debug|Any CPU
		{D5911DBA-8798-4944-9276-C43571896AEB}.Debug|Any CPU.Build.0 = Debug|Any CPU
		{D5911DBA-8798-4944-9276-C43571896AEB}.Release|Any CPU.ActiveCfg = Release|Any CPU
		{D5911DBA-8798-4944-9276-C43571896AEB}.Release|Any CPU.Build.0 = Release|Any CPU
		{A3276C1D-4BFE-4467-AA1A-8E53E2B9A6B6}.Debug|Any CPU.ActiveCfg = Debug|Any CPU
		{A3276C1D-4BFE-4467-AA1A-8E53E2B9A6B6}.Debug|Any CPU.Build.0 = Debug|Any CPU
		{A3276C1D-4BFE-4467-AA1A-8E53E2B9A6B6}.Release|Any CPU.ActiveCfg = Release|Any CPU
		{A3276C1D-4BFE-4467-AA1A-8E53E2B9A6B6}.Release|Any CPU.Build.0 = Release|Any CPU
		{E07AFDA8-17D5-452A-BF3F-E058EE6C5C0A}.Debug|Any CPU.ActiveCfg = Debug|Any CPU
		{E07AFDA8-17D5-452A-BF3F-E058EE6C5C0A}.Debug|Any CPU.Build.0 = Debug|Any CPU
		{E07AFDA8-17D5-452A-BF3F-E058EE6C5C0A}.Release|Any CPU.ActiveCfg = Release|Any CPU
		{E07AFDA8-17D5-452A-BF3F-E058EE6C5C0A}.Release|Any CPU.Build.0 = Release|Any CPU
		{F9639467-CECF-4FB7-9635-8F60DF4DB06F}.Debug|Any CPU.ActiveCfg = Debug|Any CPU
		{F9639467-CECF-4FB7-9635-8F60DF4DB06F}.Debug|Any CPU.Build.0 = Debug|Any CPU
		{F9639467-CECF-4FB7-9635-8F60DF4DB06F}.Release|Any CPU.ActiveCfg = Release|Any CPU
		{F9639467-CECF-4FB7-9635-8F60DF4DB06F}.Release|Any CPU.Build.0 = Release|Any CPU
	EndGlobalSection
	GlobalSection(SolutionProperties) = preSolution
		HideSolutionNode = FALSE
	EndGlobalSection
	GlobalSection(ExtensibilityGlobals) = postSolution
		SolutionGuid = {83842A8A-EB58-4FC4-A73A-57FDC348B8C1}
	EndGlobalSection
EndGlobal
