
Microsoft Visual Studio Solution File, Format Version 12.00
# Visual Studio Version 16
VisualStudioVersion = 16.0.30320.27
MinimumVisualStudioVersion = 10.0.40219.1
Project("{FAE04EC0-301F-11D3-BF4B-00C04F79EFBC}") = "BoxOfT", "01.BoxOfT\BoxOfT.csproj", "{C0973183-08C1-4F6F-A8EE-5086C54DF056}"
EndProject
Project("{FAE04EC0-301F-11D3-BF4B-00C04F79EFBC}") = "GenericArrayCreator", "02.GenericArrayCreator\GenericArrayCreator.csproj", "{2C9D469F-7D27-4072-9454-9781303944F8}"
EndProject
Project("{FAE04EC0-301F-11D3-BF4B-00C04F79EFBC}") = "GenericScale", "GenericScale\GenericScale.csproj", "{3BC4AF2E-DD38-468C-A6EB-5EACC8194440}"
EndProject
Global
	GlobalSection(SolutionConfigurationPlatforms) = preSolution
		Debug|Any CPU = Debug|Any CPU
		Release|Any CPU = Release|Any CPU
	EndGlobalSection
	GlobalSection(ProjectConfigurationPlatforms) = postSolution
		{C0973183-08C1-4F6F-A8EE-5086C54DF056}.Debug|Any CPU.ActiveCfg = Debug|Any CPU
		{C0973183-08C1-4F6F-A8EE-5086C54DF056}.Debug|Any CPU.Build.0 = Debug|Any CPU
		{C0973183-08C1-4F6F-A8EE-5086C54DF056}.Release|Any CPU.ActiveCfg = Release|Any CPU
		{C0973183-08C1-4F6F-A8EE-5086C54DF056}.Release|Any CPU.Build.0 = Release|Any CPU
		{2C9D469F-7D27-4072-9454-9781303944F8}.Debug|Any CPU.ActiveCfg = Debug|Any CPU
		{2C9D469F-7D27-4072-9454-9781303944F8}.Debug|Any CPU.Build.0 = Debug|Any CPU
		{2C9D469F-7D27-4072-9454-9781303944F8}.Release|Any CPU.ActiveCfg = Release|Any CPU
		{2C9D469F-7D27-4072-9454-9781303944F8}.Release|Any CPU.Build.0 = Release|Any CPU
		{3BC4AF2E-DD38-468C-A6EB-5EACC8194440}.Debug|Any CPU.ActiveCfg = Debug|Any CPU
		{3BC4AF2E-DD38-468C-A6EB-5EACC8194440}.Debug|Any CPU.Build.0 = Debug|Any CPU
		{3BC4AF2E-DD38-468C-A6EB-5EACC8194440}.Release|Any CPU.ActiveCfg = Release|Any CPU
		{3BC4AF2E-DD38-468C-A6EB-5EACC8194440}.Release|Any CPU.Build.0 = Release|Any CPU
	EndGlobalSection
	GlobalSection(SolutionProperties) = preSolution
		HideSolutionNode = FALSE
	EndGlobalSection
	GlobalSection(ExtensibilityGlobals) = postSolution
		SolutionGuid = {F24282C3-C42E-4065-A26D-B730F5D8303D}
	EndGlobalSection
EndGlobal
