
Microsoft Visual Studio Solution File, Format Version 12.00
# Visual Studio Version 16
VisualStudioVersion = 16.0.30320.27
MinimumVisualStudioVersion = 10.0.40219.1
Project("{9A19103F-16F7-4668-BE54-9A1E7A4F7556}") = "01.SortNumbers", "01\01.SortNumbers.csproj", "{88D1C9D5-8C74-4E59-A9C7-D89166E5703F}"
EndProject
Project("{9A19103F-16F7-4668-BE54-9A1E7A4F7556}") = "test", "test\test.csproj", "{279D26A3-49E2-445D-A2D4-CEC4F3D5929F}"
EndProject
Project("{9A19103F-16F7-4668-BE54-9A1E7A4F7556}") = "2.EnglishNameOfTheLastDigit", "2.EnglishNameOfTheLastDigit\2.EnglishNameOfTheLastDigit.csproj", "{A6B4273C-2063-4D5D-AD87-EF3E212F2FB1}"
EndProject
Project("{9A19103F-16F7-4668-BE54-9A1E7A4F7556}") = "03.GamingStore", "03.GamingStore\03.GamingStore.csproj", "{98AE3BB9-B53D-43AC-BCA3-F3C7405E8BA9}"
EndProject
Project("{FAE04EC0-301F-11D3-BF4B-00C04F79EFBC}") = "4.ReverseString", "4.ReverseString\4.ReverseString.csproj", "{22270789-2171-49C4-860B-892B3FE2A4C2}"
EndProject
Project("{FAE04EC0-301F-11D3-BF4B-00C04F79EFBC}") = "5.Messages", "5.Messages\5.Messages.csproj", "{5F305669-E6AA-44C7-BEE9-3B75CA656E34}"
EndProject
Global
	GlobalSection(SolutionConfigurationPlatforms) = preSolution
		Debug|Any CPU = Debug|Any CPU
		Release|Any CPU = Release|Any CPU
	EndGlobalSection
	GlobalSection(ProjectConfigurationPlatforms) = postSolution
		{88D1C9D5-8C74-4E59-A9C7-D89166E5703F}.Debug|Any CPU.ActiveCfg = Debug|Any CPU
		{88D1C9D5-8C74-4E59-A9C7-D89166E5703F}.Debug|Any CPU.Build.0 = Debug|Any CPU
		{88D1C9D5-8C74-4E59-A9C7-D89166E5703F}.Release|Any CPU.ActiveCfg = Release|Any CPU
		{88D1C9D5-8C74-4E59-A9C7-D89166E5703F}.Release|Any CPU.Build.0 = Release|Any CPU
		{279D26A3-49E2-445D-A2D4-CEC4F3D5929F}.Debug|Any CPU.ActiveCfg = Debug|Any CPU
		{279D26A3-49E2-445D-A2D4-CEC4F3D5929F}.Debug|Any CPU.Build.0 = Debug|Any CPU
		{279D26A3-49E2-445D-A2D4-CEC4F3D5929F}.Release|Any CPU.ActiveCfg = Release|Any CPU
		{279D26A3-49E2-445D-A2D4-CEC4F3D5929F}.Release|Any CPU.Build.0 = Release|Any CPU
		{A6B4273C-2063-4D5D-AD87-EF3E212F2FB1}.Debug|Any CPU.ActiveCfg = Debug|Any CPU
		{A6B4273C-2063-4D5D-AD87-EF3E212F2FB1}.Debug|Any CPU.Build.0 = Debug|Any CPU
		{A6B4273C-2063-4D5D-AD87-EF3E212F2FB1}.Release|Any CPU.ActiveCfg = Release|Any CPU
		{A6B4273C-2063-4D5D-AD87-EF3E212F2FB1}.Release|Any CPU.Build.0 = Release|Any CPU
		{98AE3BB9-B53D-43AC-BCA3-F3C7405E8BA9}.Debug|Any CPU.ActiveCfg = Debug|Any CPU
		{98AE3BB9-B53D-43AC-BCA3-F3C7405E8BA9}.Debug|Any CPU.Build.0 = Debug|Any CPU
		{98AE3BB9-B53D-43AC-BCA3-F3C7405E8BA9}.Release|Any CPU.ActiveCfg = Release|Any CPU
		{98AE3BB9-B53D-43AC-BCA3-F3C7405E8BA9}.Release|Any CPU.Build.0 = Release|Any CPU
		{22270789-2171-49C4-860B-892B3FE2A4C2}.Debug|Any CPU.ActiveCfg = Debug|Any CPU
		{22270789-2171-49C4-860B-892B3FE2A4C2}.Debug|Any CPU.Build.0 = Debug|Any CPU
		{22270789-2171-49C4-860B-892B3FE2A4C2}.Release|Any CPU.ActiveCfg = Release|Any CPU
		{22270789-2171-49C4-860B-892B3FE2A4C2}.Release|Any CPU.Build.0 = Release|Any CPU
		{5F305669-E6AA-44C7-BEE9-3B75CA656E34}.Debug|Any CPU.ActiveCfg = Debug|Any CPU
		{5F305669-E6AA-44C7-BEE9-3B75CA656E34}.Debug|Any CPU.Build.0 = Debug|Any CPU
		{5F305669-E6AA-44C7-BEE9-3B75CA656E34}.Release|Any CPU.ActiveCfg = Release|Any CPU
		{5F305669-E6AA-44C7-BEE9-3B75CA656E34}.Release|Any CPU.Build.0 = Release|Any CPU
	EndGlobalSection
	GlobalSection(SolutionProperties) = preSolution
		HideSolutionNode = FALSE
	EndGlobalSection
	GlobalSection(ExtensibilityGlobals) = postSolution
		SolutionGuid = {637270D3-A2B4-47FD-9112-504DBDB4D68F}
	EndGlobalSection
EndGlobal
