
Microsoft Visual Studio Solution File, Format Version 12.00
# Visual Studio Version 16
VisualStudioVersion = 16.0.31025.194
MinimumVisualStudioVersion = 10.0.40219.1
Project("{9A19103F-16F7-4668-BE54-9A1E7A4F7556}") = "01.PrototypePattern", "01.Prototype\01.PrototypePattern.csproj", "{B79DEED1-B746-44C8-96AF-B8FB15B2AD70}"
EndProject
Project("{FAE04EC0-301F-11D3-BF4B-00C04F79EFBC}") = "02.CompositePattern", "CompositePattern\02.CompositePattern.csproj", "{4374502C-E49C-4264-AD37-A67EB74B82A5}"
EndProject
Project("{FAE04EC0-301F-11D3-BF4B-00C04F79EFBC}") = "03.TemplatePattern", "03.TemplatePattern\03.TemplatePattern.csproj", "{13C04A1A-0448-4F74-A529-6BF8D8F15073}"
EndProject
Global
	GlobalSection(SolutionConfigurationPlatforms) = preSolution
		Debug|Any CPU = Debug|Any CPU
		Release|Any CPU = Release|Any CPU
	EndGlobalSection
	GlobalSection(ProjectConfigurationPlatforms) = postSolution
		{B79DEED1-B746-44C8-96AF-B8FB15B2AD70}.Debug|Any CPU.ActiveCfg = Debug|Any CPU
		{B79DEED1-B746-44C8-96AF-B8FB15B2AD70}.Debug|Any CPU.Build.0 = Debug|Any CPU
		{B79DEED1-B746-44C8-96AF-B8FB15B2AD70}.Release|Any CPU.ActiveCfg = Release|Any CPU
		{B79DEED1-B746-44C8-96AF-B8FB15B2AD70}.Release|Any CPU.Build.0 = Release|Any CPU
		{4374502C-E49C-4264-AD37-A67EB74B82A5}.Debug|Any CPU.ActiveCfg = Debug|Any CPU
		{4374502C-E49C-4264-AD37-A67EB74B82A5}.Debug|Any CPU.Build.0 = Debug|Any CPU
		{4374502C-E49C-4264-AD37-A67EB74B82A5}.Release|Any CPU.ActiveCfg = Release|Any CPU
		{4374502C-E49C-4264-AD37-A67EB74B82A5}.Release|Any CPU.Build.0 = Release|Any CPU
		{13C04A1A-0448-4F74-A529-6BF8D8F15073}.Debug|Any CPU.ActiveCfg = Debug|Any CPU
		{13C04A1A-0448-4F74-A529-6BF8D8F15073}.Debug|Any CPU.Build.0 = Debug|Any CPU
		{13C04A1A-0448-4F74-A529-6BF8D8F15073}.Release|Any CPU.ActiveCfg = Release|Any CPU
		{13C04A1A-0448-4F74-A529-6BF8D8F15073}.Release|Any CPU.Build.0 = Release|Any CPU
	EndGlobalSection
	GlobalSection(SolutionProperties) = preSolution
		HideSolutionNode = FALSE
	EndGlobalSection
	GlobalSection(ExtensibilityGlobals) = postSolution
		SolutionGuid = {2AB1C0D7-10B4-4D31-800E-B72C3C55417A}
	EndGlobalSection
EndGlobal
