
Microsoft Visual Studio Solution File, Format Version 12.00
# Visual Studio Version 17
VisualStudioVersion = 17.0.32014.148
MinimumVisualStudioVersion = 10.0.40219.1
Project("{FAE04EC0-301F-11D3-BF4B-00C04F79EFBC}") = "01.Fibonacci", "IntroductionToDynamicProgrammingLab\01.Fibonacci.csproj", "{7D34C5B6-C239-4E32-92D2-BD6ECF3DB38D}"
EndProject
Project("{FAE04EC0-301F-11D3-BF4B-00C04F79EFBC}") = "02.MoveDownRight", "02.MoveDownRight\02.MoveDownRight.csproj", "{64ACA8D4-EDA2-4C59-AA3C-5FD0ABCD676F}"
EndProject
Project("{FAE04EC0-301F-11D3-BF4B-00C04F79EFBC}") = "03LongestCommonSubsequence", "03LongestCommonSubsequence\03LongestCommonSubsequence.csproj", "{4CC8CE36-A00C-4D3E-8CA4-8180277EE972}"
EndProject
Global
	GlobalSection(SolutionConfigurationPlatforms) = preSolution
		Debug|Any CPU = Debug|Any CPU
		Release|Any CPU = Release|Any CPU
	EndGlobalSection
	GlobalSection(ProjectConfigurationPlatforms) = postSolution
		{7D34C5B6-C239-4E32-92D2-BD6ECF3DB38D}.Debug|Any CPU.ActiveCfg = Debug|Any CPU
		{7D34C5B6-C239-4E32-92D2-BD6ECF3DB38D}.Debug|Any CPU.Build.0 = Debug|Any CPU
		{7D34C5B6-C239-4E32-92D2-BD6ECF3DB38D}.Release|Any CPU.ActiveCfg = Release|Any CPU
		{7D34C5B6-C239-4E32-92D2-BD6ECF3DB38D}.Release|Any CPU.Build.0 = Release|Any CPU
		{64ACA8D4-EDA2-4C59-AA3C-5FD0ABCD676F}.Debug|Any CPU.ActiveCfg = Debug|Any CPU
		{64ACA8D4-EDA2-4C59-AA3C-5FD0ABCD676F}.Debug|Any CPU.Build.0 = Debug|Any CPU
		{64ACA8D4-EDA2-4C59-AA3C-5FD0ABCD676F}.Release|Any CPU.ActiveCfg = Release|Any CPU
		{64ACA8D4-EDA2-4C59-AA3C-5FD0ABCD676F}.Release|Any CPU.Build.0 = Release|Any CPU
		{4CC8CE36-A00C-4D3E-8CA4-8180277EE972}.Debug|Any CPU.ActiveCfg = Debug|Any CPU
		{4CC8CE36-A00C-4D3E-8CA4-8180277EE972}.Debug|Any CPU.Build.0 = Debug|Any CPU
		{4CC8CE36-A00C-4D3E-8CA4-8180277EE972}.Release|Any CPU.ActiveCfg = Release|Any CPU
		{4CC8CE36-A00C-4D3E-8CA4-8180277EE972}.Release|Any CPU.Build.0 = Release|Any CPU
	EndGlobalSection
	GlobalSection(SolutionProperties) = preSolution
		HideSolutionNode = FALSE
	EndGlobalSection
	GlobalSection(ExtensibilityGlobals) = postSolution
		SolutionGuid = {D25AC6B1-E2F9-4A60-8E79-E7C2456E4520}
	EndGlobalSection
EndGlobal
