
Microsoft Visual Studio Solution File, Format Version 12.00
# Visual Studio Version 16
VisualStudioVersion = 16.0.30320.27
MinimumVisualStudioVersion = 10.0.40219.1
Project("{9A19103F-16F7-4668-BE54-9A1E7A4F7556}") = "01.EncryptSortAndPrintArray", "01.EncryptSortAndPrintArray\01.EncryptSortAndPrintArray.csproj", "{0145F80C-3B0F-4E3B-9ADB-7E9D51C211E0}"
EndProject
Project("{9A19103F-16F7-4668-BE54-9A1E7A4F7556}") = "02.PascalTriangle", "02.PascalTriangle\02.PascalTriangle.csproj", "{61EFE734-B9DB-4DCA-ABB1-EF1B48EAF61B}"
EndProject
Project("{9A19103F-16F7-4668-BE54-9A1E7A4F7556}") = "03.RecursiveFibonacci", "03.RecursiveFibonacci\03.RecursiveFibonacci.csproj", "{D8D4812C-2C22-48D5-9AE7-C3D338D0FC6A}"
EndProject
Project("{FAE04EC0-301F-11D3-BF4B-00C04F79EFBC}") = "04.FoldAndSum", "04.FoldAndSum\04.FoldAndSum.csproj", "{4A66EDA9-B5E9-4DA3-94D0-7EAB96FFA1C1}"
EndProject
Project("{FAE04EC0-301F-11D3-BF4B-00C04F79EFBC}") = "05.LongestIncreasingSubsequence(LIS)", "05.LongestIncreasingSubsequence(LIS)\05.LongestIncreasingSubsequence(LIS).csproj", "{6635B64D-BBF9-4C6F-B8C0-6A307D04C24F}"
EndProject
Global
	GlobalSection(SolutionConfigurationPlatforms) = preSolution
		Debug|Any CPU = Debug|Any CPU
		Release|Any CPU = Release|Any CPU
	EndGlobalSection
	GlobalSection(ProjectConfigurationPlatforms) = postSolution
		{0145F80C-3B0F-4E3B-9ADB-7E9D51C211E0}.Debug|Any CPU.ActiveCfg = Debug|Any CPU
		{0145F80C-3B0F-4E3B-9ADB-7E9D51C211E0}.Debug|Any CPU.Build.0 = Debug|Any CPU
		{0145F80C-3B0F-4E3B-9ADB-7E9D51C211E0}.Release|Any CPU.ActiveCfg = Release|Any CPU
		{0145F80C-3B0F-4E3B-9ADB-7E9D51C211E0}.Release|Any CPU.Build.0 = Release|Any CPU
		{61EFE734-B9DB-4DCA-ABB1-EF1B48EAF61B}.Debug|Any CPU.ActiveCfg = Debug|Any CPU
		{61EFE734-B9DB-4DCA-ABB1-EF1B48EAF61B}.Debug|Any CPU.Build.0 = Debug|Any CPU
		{61EFE734-B9DB-4DCA-ABB1-EF1B48EAF61B}.Release|Any CPU.ActiveCfg = Release|Any CPU
		{61EFE734-B9DB-4DCA-ABB1-EF1B48EAF61B}.Release|Any CPU.Build.0 = Release|Any CPU
		{D8D4812C-2C22-48D5-9AE7-C3D338D0FC6A}.Debug|Any CPU.ActiveCfg = Debug|Any CPU
		{D8D4812C-2C22-48D5-9AE7-C3D338D0FC6A}.Debug|Any CPU.Build.0 = Debug|Any CPU
		{D8D4812C-2C22-48D5-9AE7-C3D338D0FC6A}.Release|Any CPU.ActiveCfg = Release|Any CPU
		{D8D4812C-2C22-48D5-9AE7-C3D338D0FC6A}.Release|Any CPU.Build.0 = Release|Any CPU
		{4A66EDA9-B5E9-4DA3-94D0-7EAB96FFA1C1}.Debug|Any CPU.ActiveCfg = Debug|Any CPU
		{4A66EDA9-B5E9-4DA3-94D0-7EAB96FFA1C1}.Debug|Any CPU.Build.0 = Debug|Any CPU
		{4A66EDA9-B5E9-4DA3-94D0-7EAB96FFA1C1}.Release|Any CPU.ActiveCfg = Release|Any CPU
		{4A66EDA9-B5E9-4DA3-94D0-7EAB96FFA1C1}.Release|Any CPU.Build.0 = Release|Any CPU
		{6635B64D-BBF9-4C6F-B8C0-6A307D04C24F}.Debug|Any CPU.ActiveCfg = Debug|Any CPU
		{6635B64D-BBF9-4C6F-B8C0-6A307D04C24F}.Debug|Any CPU.Build.0 = Debug|Any CPU
		{6635B64D-BBF9-4C6F-B8C0-6A307D04C24F}.Release|Any CPU.ActiveCfg = Release|Any CPU
		{6635B64D-BBF9-4C6F-B8C0-6A307D04C24F}.Release|Any CPU.Build.0 = Release|Any CPU
	EndGlobalSection
	GlobalSection(SolutionProperties) = preSolution
		HideSolutionNode = FALSE
	EndGlobalSection
	GlobalSection(ExtensibilityGlobals) = postSolution
		SolutionGuid = {5A048B94-8269-491D-987C-35D0E6FB8774}
	EndGlobalSection
EndGlobal
