
Microsoft Visual Studio Solution File, Format Version 12.00
# Visual Studio Version 17
VisualStudioVersion = 17.0.32014.148
MinimumVisualStudioVersion = 10.0.40219.1
Project("{FAE04EC0-301F-11D3-BF4B-00C04F79EFBC}") = "01.MostReliablePath", "01.MostReliablePath\01.MostReliablePath.csproj", "{DAEECF43-0F8D-4EA4-825F-BE4869CB789E}"
EndProject
Global
	GlobalSection(SolutionConfigurationPlatforms) = preSolution
		Debug|Any CPU = Debug|Any CPU
		Release|Any CPU = Release|Any CPU
	EndGlobalSection
	GlobalSection(ProjectConfigurationPlatforms) = postSolution
		{DAEECF43-0F8D-4EA4-825F-BE4869CB789E}.Debug|Any CPU.ActiveCfg = Debug|Any CPU
		{DAEECF43-0F8D-4EA4-825F-BE4869CB789E}.Debug|Any CPU.Build.0 = Debug|Any CPU
		{DAEECF43-0F8D-4EA4-825F-BE4869CB789E}.Release|Any CPU.ActiveCfg = Release|Any CPU
		{DAEECF43-0F8D-4EA4-825F-BE4869CB789E}.Release|Any CPU.Build.0 = Release|Any CPU
	EndGlobalSection
	GlobalSection(SolutionProperties) = preSolution
		HideSolutionNode = FALSE
	EndGlobalSection
	GlobalSection(ExtensibilityGlobals) = postSolution
		SolutionGuid = {89BA35D6-85A7-40CE-B70C-9264F9DA11FC}
	EndGlobalSection
EndGlobal
